// !$*UTF8*$!
{
	archiveVersion = 1;
	classes = {
	};
	objectVersion = 46;
	objects = {

/* Begin PBXBuildFile section */
		85FFB21F15C247220099B0AA /* Accounts.framework in Frameworks */ = {isa = PBXBuildFile; fileRef = 85FFB21E15C247220099B0AA /* Accounts.framework */; };
		85FFB22215C2472C0099B0AA /* Twitter.framework in Frameworks */ = {isa = PBXBuildFile; fileRef = 85FFB22115C2472C0099B0AA /* Twitter.framework */; };
		E252F26114C5B1BF00D9D48F /* JSON.h in Headers */ = {isa = PBXBuildFile; fileRef = E252F25414C5B1BF00D9D48F /* JSON.h */; settings = {ATTRIBUTES = (Public, ); }; };
		E252F26214C5B1BF00D9D48F /* NSObject+SBJSON_Scm.h in Headers */ = {isa = PBXBuildFile; fileRef = E252F25514C5B1BF00D9D48F /* NSObject+SBJSON_Scm.h */; settings = {ATTRIBUTES = (Public, ); }; };
		E252F26314C5B1BF00D9D48F /* NSObject+SBJSON_Scm.m in Sources */ = {isa = PBXBuildFile; fileRef = E252F25614C5B1BF00D9D48F /* NSObject+SBJSON_Scm.m */; };
		E252F26414C5B1C000D9D48F /* NSString+SBJSON_Scm.h in Headers */ = {isa = PBXBuildFile; fileRef = E252F25714C5B1BF00D9D48F /* NSString+SBJSON_Scm.h */; settings = {ATTRIBUTES = (Public, ); }; };
		E252F26514C5B1C000D9D48F /* NSString+SBJSON_Scm.m in Sources */ = {isa = PBXBuildFile; fileRef = E252F25814C5B1BF00D9D48F /* NSString+SBJSON_Scm.m */; };
		E252F26614C5B1C000D9D48F /* SBJSON_Scm.h in Headers */ = {isa = PBXBuildFile; fileRef = E252F25914C5B1BF00D9D48F /* SBJSON_Scm.h */; settings = {ATTRIBUTES = (Public, ); }; };
		E252F26714C5B1C000D9D48F /* SBJSON_Scm.m in Sources */ = {isa = PBXBuildFile; fileRef = E252F25A14C5B1BF00D9D48F /* SBJSON_Scm.m */; };
		E252F26814C5B1C000D9D48F /* SBJsonBase_Scm.h in Headers */ = {isa = PBXBuildFile; fileRef = E252F25B14C5B1BF00D9D48F /* SBJsonBase_Scm.h */; settings = {ATTRIBUTES = (Public, ); }; };
		E252F26914C5B1C000D9D48F /* SBJsonBase_Scm.m in Sources */ = {isa = PBXBuildFile; fileRef = E252F25C14C5B1BF00D9D48F /* SBJsonBase_Scm.m */; };
		E252F26A14C5B1C000D9D48F /* SBJsonParser_Scm.h in Headers */ = {isa = PBXBuildFile; fileRef = E252F25D14C5B1BF00D9D48F /* SBJsonParser_Scm.h */; settings = {ATTRIBUTES = (Public, ); }; };
		E252F26B14C5B1C000D9D48F /* SBJsonParser_Scm.m in Sources */ = {isa = PBXBuildFile; fileRef = E252F25E14C5B1BF00D9D48F /* SBJsonParser_Scm.m */; };
		E252F26C14C5B1C000D9D48F /* SBJsonWriter_Scm.h in Headers */ = {isa = PBXBuildFile; fileRef = E252F25F14C5B1BF00D9D48F /* SBJsonWriter_Scm.h */; settings = {ATTRIBUTES = (Public, ); }; };
		E252F26D14C5B1C000D9D48F /* SBJsonWriter_Scm.m in Sources */ = {isa = PBXBuildFile; fileRef = E252F26014C5B1BF00D9D48F /* SBJsonWriter_Scm.m */; };
		E255029514AB4FEC00B6A816 /* InfoPlist.strings in Resources */ = {isa = PBXBuildFile; fileRef = E255029314AB4FEC00B6A816 /* InfoPlist.strings */; };
		E25502EB14AB503A00B6A816 /* Facebook_Scm.h in Headers */ = {isa = PBXBuildFile; fileRef = E25502D314AB503A00B6A816 /* Facebook_Scm.h */; settings = {ATTRIBUTES = (Public, ); }; };
		E25502EC14AB503A00B6A816 /* Facebook_Scm.m in Sources */ = {isa = PBXBuildFile; fileRef = E25502D414AB503A00B6A816 /* Facebook_Scm.m */; };
		E25502ED14AB503A00B6A816 /* FBConnect.h in Headers */ = {isa = PBXBuildFile; fileRef = E25502D514AB503A00B6A816 /* FBConnect.h */; settings = {ATTRIBUTES = (Public, ); }; };
		E25502EE14AB503A00B6A816 /* FBDialog.bundle in Resources */ = {isa = PBXBuildFile; fileRef = E25502D614AB503A00B6A816 /* FBDialog.bundle */; };
		E25502EF14AB503A00B6A816 /* FBDialog_Scm.h in Headers */ = {isa = PBXBuildFile; fileRef = E25502D714AB503A00B6A816 /* FBDialog_Scm.h */; settings = {ATTRIBUTES = (Public, ); }; };
		E25502F014AB503A00B6A816 /* FBDialog_Scm.m in Sources */ = {isa = PBXBuildFile; fileRef = E25502D814AB503A00B6A816 /* FBDialog_Scm.m */; };
		E25502F114AB503A00B6A816 /* FBLoginDialog_Scm.h in Headers */ = {isa = PBXBuildFile; fileRef = E25502D914AB503A00B6A816 /* FBLoginDialog_Scm.h */; settings = {ATTRIBUTES = (Public, ); }; };
		E25502F214AB503A00B6A816 /* FBLoginDialog_Scm.m in Sources */ = {isa = PBXBuildFile; fileRef = E25502DA14AB503A00B6A816 /* FBLoginDialog_Scm.m */; };
		E25502F314AB503A00B6A816 /* FBRequest_Scm.h in Headers */ = {isa = PBXBuildFile; fileRef = E25502DB14AB503A00B6A816 /* FBRequest_Scm.h */; settings = {ATTRIBUTES = (Public, ); }; };
		E25502F414AB503A00B6A816 /* FBRequest_Scm.m in Sources */ = {isa = PBXBuildFile; fileRef = E25502DC14AB503A00B6A816 /* FBRequest_Scm.m */; };
		E255030414AB505500B6A816 /* SecondCommercialsAd.h in Headers */ = {isa = PBXBuildFile; fileRef = E255030214AB505500B6A816 /* SecondCommercialsAd.h */; settings = {ATTRIBUTES = (Public, ); }; };
		E255030514AB505500B6A816 /* SecondCommercialsAd.m in Sources */ = {isa = PBXBuildFile; fileRef = E255030314AB505500B6A816 /* SecondCommercialsAd.m */; };
		E255033214AB61CA00B6A816 /* ASIAuthenticationDialog.h in Headers */ = {isa = PBXBuildFile; fileRef = E255031614AB61CA00B6A816 /* ASIAuthenticationDialog.h */; settings = {ATTRIBUTES = (Public, ); }; };
		E255033314AB61CA00B6A816 /* ASIAuthenticationDialog.m in Sources */ = {isa = PBXBuildFile; fileRef = E255031714AB61CA00B6A816 /* ASIAuthenticationDialog.m */; };
		E255033414AB61CA00B6A816 /* ASICacheDelegate.h in Headers */ = {isa = PBXBuildFile; fileRef = E255031814AB61CA00B6A816 /* ASICacheDelegate.h */; settings = {ATTRIBUTES = (Public, ); }; };
		E255033514AB61CA00B6A816 /* ASIDataCompressor.h in Headers */ = {isa = PBXBuildFile; fileRef = E255031914AB61CA00B6A816 /* ASIDataCompressor.h */; settings = {ATTRIBUTES = (Public, ); }; };
		E255033614AB61CA00B6A816 /* ASIDataCompressor.m in Sources */ = {isa = PBXBuildFile; fileRef = E255031A14AB61CA00B6A816 /* ASIDataCompressor.m */; };
		E255033714AB61CA00B6A816 /* ASIDataDecompressor.h in Headers */ = {isa = PBXBuildFile; fileRef = E255031B14AB61CA00B6A816 /* ASIDataDecompressor.h */; settings = {ATTRIBUTES = (Public, ); }; };
		E255033814AB61CA00B6A816 /* ASIDataDecompressor.m in Sources */ = {isa = PBXBuildFile; fileRef = E255031C14AB61CA00B6A816 /* ASIDataDecompressor.m */; };
		E255033914AB61CA00B6A816 /* ASIDownloadCache.h in Headers */ = {isa = PBXBuildFile; fileRef = E255031D14AB61CA00B6A816 /* ASIDownloadCache.h */; settings = {ATTRIBUTES = (Public, ); }; };
		E255033A14AB61CA00B6A816 /* ASIDownloadCache.m in Sources */ = {isa = PBXBuildFile; fileRef = E255031E14AB61CA00B6A816 /* ASIDownloadCache.m */; };
		E255033B14AB61CA00B6A816 /* ASIFormDataRequest.h in Headers */ = {isa = PBXBuildFile; fileRef = E255031F14AB61CA00B6A816 /* ASIFormDataRequest.h */; settings = {ATTRIBUTES = (Public, ); }; };
		E255033C14AB61CA00B6A816 /* ASIFormDataRequest.m in Sources */ = {isa = PBXBuildFile; fileRef = E255032014AB61CA00B6A816 /* ASIFormDataRequest.m */; };
		E255033D14AB61CA00B6A816 /* ASIHTTPRequest-Info.plist in Resources */ = {isa = PBXBuildFile; fileRef = E255032114AB61CA00B6A816 /* ASIHTTPRequest-Info.plist */; };
		E255033E14AB61CA00B6A816 /* ASIHTTPRequest-Prefix.pch in Headers */ = {isa = PBXBuildFile; fileRef = E255032214AB61CA00B6A816 /* ASIHTTPRequest-Prefix.pch */; settings = {ATTRIBUTES = (Public, ); }; };
		E255033F14AB61CA00B6A816 /* ASIHTTPRequest.h in Headers */ = {isa = PBXBuildFile; fileRef = E255032314AB61CA00B6A816 /* ASIHTTPRequest.h */; settings = {ATTRIBUTES = (Public, ); }; };
		E255034014AB61CA00B6A816 /* ASIHTTPRequest.m in Sources */ = {isa = PBXBuildFile; fileRef = E255032414AB61CA00B6A816 /* ASIHTTPRequest.m */; };
		E255034114AB61CA00B6A816 /* ASIHTTPRequestConfig.h in Headers */ = {isa = PBXBuildFile; fileRef = E255032514AB61CA00B6A816 /* ASIHTTPRequestConfig.h */; settings = {ATTRIBUTES = (Public, ); }; };
		E255034214AB61CA00B6A816 /* ASIHTTPRequestDelegate.h in Headers */ = {isa = PBXBuildFile; fileRef = E255032614AB61CA00B6A816 /* ASIHTTPRequestDelegate.h */; settings = {ATTRIBUTES = (Public, ); }; };
		E255034314AB61CA00B6A816 /* ASIInputStream.h in Headers */ = {isa = PBXBuildFile; fileRef = E255032714AB61CA00B6A816 /* ASIInputStream.h */; settings = {ATTRIBUTES = (Public, ); }; };
		E255034414AB61CA00B6A816 /* ASIInputStream.m in Sources */ = {isa = PBXBuildFile; fileRef = E255032814AB61CA00B6A816 /* ASIInputStream.m */; };
		E255034514AB61CA00B6A816 /* ASINetworkQueue.h in Headers */ = {isa = PBXBuildFile; fileRef = E255032914AB61CA00B6A816 /* ASINetworkQueue.h */; settings = {ATTRIBUTES = (Public, ); }; };
		E255034614AB61CA00B6A816 /* ASINetworkQueue.m in Sources */ = {isa = PBXBuildFile; fileRef = E255032A14AB61CA00B6A816 /* ASINetworkQueue.m */; };
		E255034714AB61CA00B6A816 /* ASIProgressDelegate.h in Headers */ = {isa = PBXBuildFile; fileRef = E255032B14AB61CA00B6A816 /* ASIProgressDelegate.h */; settings = {ATTRIBUTES = (Public, ); }; };
		E255034814AB61CA00B6A816 /* README-GHUnit in Resources */ = {isa = PBXBuildFile; fileRef = E255032E14AB61CA00B6A816 /* README-GHUnit */; };
		E255034914AB61CA00B6A816 /* Reachability.h in Headers */ = {isa = PBXBuildFile; fileRef = E255033014AB61CA00B6A816 /* Reachability.h */; settings = {ATTRIBUTES = (Public, ); }; };
		E255034A14AB61CA00B6A816 /* Reachability.m in Sources */ = {isa = PBXBuildFile; fileRef = E255033114AB61CA00B6A816 /* Reachability.m */; };
		E2E594E914EFF8EF008ADF76 /* NSMutableURLRequest+Parameters.h in Headers */ = {isa = PBXBuildFile; fileRef = E2E594B314EFF8EF008ADF76 /* NSMutableURLRequest+Parameters.h */; settings = {ATTRIBUTES = (Public, ); }; };
		E2E594EA14EFF8EF008ADF76 /* NSString+URLEncoding.h in Headers */ = {isa = PBXBuildFile; fileRef = E2E594B414EFF8EF008ADF76 /* NSString+URLEncoding.h */; settings = {ATTRIBUTES = (Public, ); }; };
		E2E594EB14EFF8EF008ADF76 /* NSURL+Base.h in Headers */ = {isa = PBXBuildFile; fileRef = E2E594B514EFF8EF008ADF76 /* NSURL+Base.h */; settings = {ATTRIBUTES = (Public, ); }; };
		E2E594EC14EFF8EF008ADF76 /* OAAsynchronousDataFetcher.h in Headers */ = {isa = PBXBuildFile; fileRef = E2E594B614EFF8EF008ADF76 /* OAAsynchronousDataFetcher.h */; settings = {ATTRIBUTES = (Public, ); }; };
		E2E594ED14EFF8EF008ADF76 /* OAConsumer.h in Headers */ = {isa = PBXBuildFile; fileRef = E2E594B714EFF8EF008ADF76 /* OAConsumer.h */; settings = {ATTRIBUTES = (Public, ); }; };
		E2E594EE14EFF8EF008ADF76 /* OADataFetcher.h in Headers */ = {isa = PBXBuildFile; fileRef = E2E594B814EFF8EF008ADF76 /* OADataFetcher.h */; settings = {ATTRIBUTES = (Public, ); }; };
		E2E594EF14EFF8EF008ADF76 /* OAHMAC_SHA1SignatureProvider.h in Headers */ = {isa = PBXBuildFile; fileRef = E2E594B914EFF8EF008ADF76 /* OAHMAC_SHA1SignatureProvider.h */; settings = {ATTRIBUTES = (Public, ); }; };
		E2E594F014EFF8EF008ADF76 /* OAMutableURLRequest.h in Headers */ = {isa = PBXBuildFile; fileRef = E2E594BA14EFF8EF008ADF76 /* OAMutableURLRequest.h */; settings = {ATTRIBUTES = (Public, ); }; };
		E2E594F114EFF8EF008ADF76 /* OAPlaintextSignatureProvider.h in Headers */ = {isa = PBXBuildFile; fileRef = E2E594BB14EFF8EF008ADF76 /* OAPlaintextSignatureProvider.h */; settings = {ATTRIBUTES = (Public, ); }; };
		E2E594F214EFF8EF008ADF76 /* OARequestParameter.h in Headers */ = {isa = PBXBuildFile; fileRef = E2E594BC14EFF8EF008ADF76 /* OARequestParameter.h */; settings = {ATTRIBUTES = (Public, ); }; };
		E2E594F314EFF8EF008ADF76 /* OAServiceTicket.h in Headers */ = {isa = PBXBuildFile; fileRef = E2E594BD14EFF8EF008ADF76 /* OAServiceTicket.h */; settings = {ATTRIBUTES = (Public, ); }; };
		E2E594F414EFF8EF008ADF76 /* OASignatureProviding.h in Headers */ = {isa = PBXBuildFile; fileRef = E2E594BE14EFF8EF008ADF76 /* OASignatureProviding.h */; settings = {ATTRIBUTES = (Public, ); }; };
		E2E594F514EFF8EF008ADF76 /* OAToken.h in Headers */ = {isa = PBXBuildFile; fileRef = E2E594BF14EFF8EF008ADF76 /* OAToken.h */; settings = {ATTRIBUTES = (Public, ); }; };
		E2E594F614EFF8EF008ADF76 /* OAToken_KeychainExtensions.h in Headers */ = {isa = PBXBuildFile; fileRef = E2E594C014EFF8EF008ADF76 /* OAToken_KeychainExtensions.h */; settings = {ATTRIBUTES = (Public, ); }; };
		E2E594F714EFF8EF008ADF76 /* OAuthConsumer.h in Headers */ = {isa = PBXBuildFile; fileRef = E2E594C114EFF8EF008ADF76 /* OAuthConsumer.h */; settings = {ATTRIBUTES = (Public, ); }; };
		E2E594F814EFF8EF008ADF76 /* MGTwitterEngine.h in Headers */ = {isa = PBXBuildFile; fileRef = E2E594C314EFF8EF008ADF76 /* MGTwitterEngine.h */; settings = {ATTRIBUTES = (Public, ); }; };
		E2E594F914EFF8EF008ADF76 /* MGTwitterEngine.m in Sources */ = {isa = PBXBuildFile; fileRef = E2E594C414EFF8EF008ADF76 /* MGTwitterEngine.m */; };
		E2E594FA14EFF8EF008ADF76 /* MGTwitterEngineDelegate.h in Headers */ = {isa = PBXBuildFile; fileRef = E2E594C514EFF8EF008ADF76 /* MGTwitterEngineDelegate.h */; settings = {ATTRIBUTES = (Public, ); }; };
		E2E594FB14EFF8EF008ADF76 /* MGTwitterEngineGlobalHeader.h in Headers */ = {isa = PBXBuildFile; fileRef = E2E594C614EFF8EF008ADF76 /* MGTwitterEngineGlobalHeader.h */; settings = {ATTRIBUTES = (Public, ); }; };
		E2E594FC14EFF8EF008ADF76 /* MGTwitterHTTPURLConnection.h in Headers */ = {isa = PBXBuildFile; fileRef = E2E594C714EFF8EF008ADF76 /* MGTwitterHTTPURLConnection.h */; settings = {ATTRIBUTES = (Public, ); }; };
		E2E594FD14EFF8EF008ADF76 /* MGTwitterHTTPURLConnection.m in Sources */ = {isa = PBXBuildFile; fileRef = E2E594C814EFF8EF008ADF76 /* MGTwitterHTTPURLConnection.m */; };
		E2E594FE14EFF8EF008ADF76 /* MGTwitterLibXMLParser.h in Headers */ = {isa = PBXBuildFile; fileRef = E2E594C914EFF8EF008ADF76 /* MGTwitterLibXMLParser.h */; settings = {ATTRIBUTES = (Public, ); }; };
		E2E594FF14EFF8EF008ADF76 /* MGTwitterLibXMLParser.m in Sources */ = {isa = PBXBuildFile; fileRef = E2E594CA14EFF8EF008ADF76 /* MGTwitterLibXMLParser.m */; };
		E2E5950014EFF8EF008ADF76 /* MGTwitterMessagesLibXMLParser.h in Headers */ = {isa = PBXBuildFile; fileRef = E2E594CB14EFF8EF008ADF76 /* MGTwitterMessagesLibXMLParser.h */; settings = {ATTRIBUTES = (Public, ); }; };
		E2E5950114EFF8EF008ADF76 /* MGTwitterMessagesLibXMLParser.m in Sources */ = {isa = PBXBuildFile; fileRef = E2E594CC14EFF8EF008ADF76 /* MGTwitterMessagesLibXMLParser.m */; };
		E2E5950214EFF8EF008ADF76 /* MGTwitterMessagesParser.h in Headers */ = {isa = PBXBuildFile; fileRef = E2E594CD14EFF8EF008ADF76 /* MGTwitterMessagesParser.h */; settings = {ATTRIBUTES = (Public, ); }; };
		E2E5950314EFF8EF008ADF76 /* MGTwitterMessagesParser.m in Sources */ = {isa = PBXBuildFile; fileRef = E2E594CE14EFF8EF008ADF76 /* MGTwitterMessagesParser.m */; };
		E2E5950414EFF8EF008ADF76 /* MGTwitterMiscLibXMLParser.h in Headers */ = {isa = PBXBuildFile; fileRef = E2E594CF14EFF8EF008ADF76 /* MGTwitterMiscLibXMLParser.h */; settings = {ATTRIBUTES = (Public, ); }; };
		E2E5950514EFF8EF008ADF76 /* MGTwitterMiscLibXMLParser.m in Sources */ = {isa = PBXBuildFile; fileRef = E2E594D014EFF8EF008ADF76 /* MGTwitterMiscLibXMLParser.m */; };
		E2E5950614EFF8EF008ADF76 /* MGTwitterMiscParser.h in Headers */ = {isa = PBXBuildFile; fileRef = E2E594D114EFF8EF008ADF76 /* MGTwitterMiscParser.h */; settings = {ATTRIBUTES = (Public, ); }; };
		E2E5950714EFF8EF008ADF76 /* MGTwitterMiscParser.m in Sources */ = {isa = PBXBuildFile; fileRef = E2E594D214EFF8EF008ADF76 /* MGTwitterMiscParser.m */; };
		E2E5950814EFF8EF008ADF76 /* MGTwitterParserDelegate.h in Headers */ = {isa = PBXBuildFile; fileRef = E2E594D314EFF8EF008ADF76 /* MGTwitterParserDelegate.h */; settings = {ATTRIBUTES = (Public, ); }; };
		E2E5950914EFF8EF008ADF76 /* MGTwitterRequestTypes.h in Headers */ = {isa = PBXBuildFile; fileRef = E2E594D414EFF8EF008ADF76 /* MGTwitterRequestTypes.h */; settings = {ATTRIBUTES = (Public, ); }; };
		E2E5950A14EFF8EF008ADF76 /* MGTwitterStatusesLibXMLParser.h in Headers */ = {isa = PBXBuildFile; fileRef = E2E594D514EFF8EF008ADF76 /* MGTwitterStatusesLibXMLParser.h */; settings = {ATTRIBUTES = (Public, ); }; };
		E2E5950B14EFF8EF008ADF76 /* MGTwitterStatusesLibXMLParser.m in Sources */ = {isa = PBXBuildFile; fileRef = E2E594D614EFF8EF008ADF76 /* MGTwitterStatusesLibXMLParser.m */; };
		E2E5950C14EFF8EF008ADF76 /* MGTwitterStatusesParser.h in Headers */ = {isa = PBXBuildFile; fileRef = E2E594D714EFF8EF008ADF76 /* MGTwitterStatusesParser.h */; settings = {ATTRIBUTES = (Public, ); }; };
		E2E5950D14EFF8EF008ADF76 /* MGTwitterStatusesParser.m in Sources */ = {isa = PBXBuildFile; fileRef = E2E594D814EFF8EF008ADF76 /* MGTwitterStatusesParser.m */; };
		E2E5950E14EFF8EF008ADF76 /* MGTwitterUsersLibXMLParser.h in Headers */ = {isa = PBXBuildFile; fileRef = E2E594D914EFF8EF008ADF76 /* MGTwitterUsersLibXMLParser.h */; settings = {ATTRIBUTES = (Public, ); }; };
		E2E5950F14EFF8EF008ADF76 /* MGTwitterUsersLibXMLParser.m in Sources */ = {isa = PBXBuildFile; fileRef = E2E594DA14EFF8EF008ADF76 /* MGTwitterUsersLibXMLParser.m */; };
		E2E5951014EFF8EF008ADF76 /* MGTwitterUsersParser.h in Headers */ = {isa = PBXBuildFile; fileRef = E2E594DB14EFF8EF008ADF76 /* MGTwitterUsersParser.h */; settings = {ATTRIBUTES = (Public, ); }; };
		E2E5951114EFF8EF008ADF76 /* MGTwitterUsersParser.m in Sources */ = {isa = PBXBuildFile; fileRef = E2E594DC14EFF8EF008ADF76 /* MGTwitterUsersParser.m */; };
		E2E5951214EFF8EF008ADF76 /* MGTwitterXMLParser.h in Headers */ = {isa = PBXBuildFile; fileRef = E2E594DD14EFF8EF008ADF76 /* MGTwitterXMLParser.h */; settings = {ATTRIBUTES = (Public, ); }; };
		E2E5951314EFF8EF008ADF76 /* MGTwitterXMLParser.m in Sources */ = {isa = PBXBuildFile; fileRef = E2E594DE14EFF8EF008ADF76 /* MGTwitterXMLParser.m */; };
		E2E5951414EFF8EF008ADF76 /* NSData+Base64.h in Headers */ = {isa = PBXBuildFile; fileRef = E2E594DF14EFF8EF008ADF76 /* NSData+Base64.h */; settings = {ATTRIBUTES = (Public, ); }; };
		E2E5951514EFF8EF008ADF76 /* NSData+Base64.m in Sources */ = {isa = PBXBuildFile; fileRef = E2E594E014EFF8EF008ADF76 /* NSData+Base64.m */; };
		E2E5951614EFF8EF008ADF76 /* NSString+UUID.h in Headers */ = {isa = PBXBuildFile; fileRef = E2E594E114EFF8EF008ADF76 /* NSString+UUID.h */; settings = {ATTRIBUTES = (Public, ); }; };
		E2E5951714EFF8EF008ADF76 /* NSString+UUID.m in Sources */ = {isa = PBXBuildFile; fileRef = E2E594E214EFF8EF008ADF76 /* NSString+UUID.m */; };
		E2E5951814EFF8EF008ADF76 /* libOAuth.a in Frameworks */ = {isa = PBXBuildFile; fileRef = E2E594E414EFF8EF008ADF76 /* libOAuth.a */; };
		E2E5951914EFF8F0008ADF76 /* SA_OAuthTwitterController.h in Headers */ = {isa = PBXBuildFile; fileRef = E2E594E514EFF8EF008ADF76 /* SA_OAuthTwitterController.h */; settings = {ATTRIBUTES = (Public, ); }; };
		E2E5951A14EFF8F0008ADF76 /* SA_OAuthTwitterController.m in Sources */ = {isa = PBXBuildFile; fileRef = E2E594E614EFF8EF008ADF76 /* SA_OAuthTwitterController.m */; };
		E2E5951B14EFF8F0008ADF76 /* SA_OAuthTwitterEngine.h in Headers */ = {isa = PBXBuildFile; fileRef = E2E594E714EFF8EF008ADF76 /* SA_OAuthTwitterEngine.h */; settings = {ATTRIBUTES = (Public, ); }; };
		E2E5951C14EFF8F0008ADF76 /* SA_OAuthTwitterEngine.m in Sources */ = {isa = PBXBuildFile; fileRef = E2E594E814EFF8EF008ADF76 /* SA_OAuthTwitterEngine.m */; };
/* End PBXBuildFile section */

/* Begin PBXFileReference section */
		85FFB21E15C247220099B0AA /* Accounts.framework */ = {isa = PBXFileReference; lastKnownFileType = wrapper.framework; name = Accounts.framework; path = System/Library/Frameworks/Accounts.framework; sourceTree = SDKROOT; };
		85FFB22115C2472C0099B0AA /* Twitter.framework */ = {isa = PBXFileReference; lastKnownFileType = wrapper.framework; name = Twitter.framework; path = System/Library/Frameworks/Twitter.framework; sourceTree = SDKROOT; };
		E252F25414C5B1BF00D9D48F /* JSON.h */ = {isa = PBXFileReference; fileEncoding = 4; lastKnownFileType = sourcecode.c.h; path = JSON.h; sourceTree = "<group>"; };
		E252F25514C5B1BF00D9D48F /* NSObject+SBJSON_Scm.h */ = {isa = PBXFileReference; fileEncoding = 4; lastKnownFileType = sourcecode.c.h; path = "NSObject+SBJSON_Scm.h"; sourceTree = "<group>"; };
		E252F25614C5B1BF00D9D48F /* NSObject+SBJSON_Scm.m */ = {isa = PBXFileReference; fileEncoding = 4; lastKnownFileType = sourcecode.c.objc; path = "NSObject+SBJSON_Scm.m"; sourceTree = "<group>"; };
		E252F25714C5B1BF00D9D48F /* NSString+SBJSON_Scm.h */ = {isa = PBXFileReference; fileEncoding = 4; lastKnownFileType = sourcecode.c.h; path = "NSString+SBJSON_Scm.h"; sourceTree = "<group>"; };
		E252F25814C5B1BF00D9D48F /* NSString+SBJSON_Scm.m */ = {isa = PBXFileReference; fileEncoding = 4; lastKnownFileType = sourcecode.c.objc; path = "NSString+SBJSON_Scm.m"; sourceTree = "<group>"; };
		E252F25914C5B1BF00D9D48F /* SBJSON_Scm.h */ = {isa = PBXFileReference; fileEncoding = 4; lastKnownFileType = sourcecode.c.h; path = SBJSON_Scm.h; sourceTree = "<group>"; };
		E252F25A14C5B1BF00D9D48F /* SBJSON_Scm.m */ = {isa = PBXFileReference; fileEncoding = 4; lastKnownFileType = sourcecode.c.objc; path = SBJSON_Scm.m; sourceTree = "<group>"; };
		E252F25B14C5B1BF00D9D48F /* SBJsonBase_Scm.h */ = {isa = PBXFileReference; fileEncoding = 4; lastKnownFileType = sourcecode.c.h; path = SBJsonBase_Scm.h; sourceTree = "<group>"; };
		E252F25C14C5B1BF00D9D48F /* SBJsonBase_Scm.m */ = {isa = PBXFileReference; fileEncoding = 4; lastKnownFileType = sourcecode.c.objc; path = SBJsonBase_Scm.m; sourceTree = "<group>"; };
		E252F25D14C5B1BF00D9D48F /* SBJsonParser_Scm.h */ = {isa = PBXFileReference; fileEncoding = 4; lastKnownFileType = sourcecode.c.h; path = SBJsonParser_Scm.h; sourceTree = "<group>"; };
		E252F25E14C5B1BF00D9D48F /* SBJsonParser_Scm.m */ = {isa = PBXFileReference; fileEncoding = 4; lastKnownFileType = sourcecode.c.objc; path = SBJsonParser_Scm.m; sourceTree = "<group>"; };
		E252F25F14C5B1BF00D9D48F /* SBJsonWriter_Scm.h */ = {isa = PBXFileReference; fileEncoding = 4; lastKnownFileType = sourcecode.c.h; path = SBJsonWriter_Scm.h; sourceTree = "<group>"; };
		E252F26014C5B1BF00D9D48F /* SBJsonWriter_Scm.m */ = {isa = PBXFileReference; fileEncoding = 4; lastKnownFileType = sourcecode.c.objc; path = SBJsonWriter_Scm.m; sourceTree = "<group>"; };
		E255028E14AB4FEC00B6A816 /* SecondCommercialsAd.framework */ = {isa = PBXFileReference; explicitFileType = wrapper.cfbundle; includeInIndex = 0; path = SecondCommercialsAd.framework; sourceTree = BUILT_PRODUCTS_DIR; };
		E255029214AB4FEC00B6A816 /* SecondCommercialsAd-Info.plist */ = {isa = PBXFileReference; lastKnownFileType = text.plist.xml; path = "SecondCommercialsAd-Info.plist"; sourceTree = "<group>"; };
		E255029414AB4FEC00B6A816 /* en */ = {isa = PBXFileReference; lastKnownFileType = text.plist.strings; name = en; path = en.lproj/InfoPlist.strings; sourceTree = "<group>"; };
		E255029614AB4FEC00B6A816 /* SecondCommercialsAd-Prefix.pch */ = {isa = PBXFileReference; lastKnownFileType = sourcecode.c.h; path = "SecondCommercialsAd-Prefix.pch"; sourceTree = "<group>"; };
		E25502D314AB503A00B6A816 /* Facebook_Scm.h */ = {isa = PBXFileReference; fileEncoding = 4; lastKnownFileType = sourcecode.c.h; path = Facebook_Scm.h; sourceTree = "<group>"; };
		E25502D414AB503A00B6A816 /* Facebook_Scm.m */ = {isa = PBXFileReference; fileEncoding = 4; lastKnownFileType = sourcecode.c.objc; path = Facebook_Scm.m; sourceTree = "<group>"; };
		E25502D514AB503A00B6A816 /* FBConnect.h */ = {isa = PBXFileReference; fileEncoding = 4; lastKnownFileType = sourcecode.c.h; path = FBConnect.h; sourceTree = "<group>"; };
		E25502D614AB503A00B6A816 /* FBDialog.bundle */ = {isa = PBXFileReference; lastKnownFileType = "wrapper.plug-in"; path = FBDialog.bundle; sourceTree = "<group>"; };
		E25502D714AB503A00B6A816 /* FBDialog_Scm.h */ = {isa = PBXFileReference; fileEncoding = 4; lastKnownFileType = sourcecode.c.h; path = FBDialog_Scm.h; sourceTree = "<group>"; };
		E25502D814AB503A00B6A816 /* FBDialog_Scm.m */ = {isa = PBXFileReference; fileEncoding = 4; lastKnownFileType = sourcecode.c.objc; path = FBDialog_Scm.m; sourceTree = "<group>"; };
		E25502D914AB503A00B6A816 /* FBLoginDialog_Scm.h */ = {isa = PBXFileReference; fileEncoding = 4; lastKnownFileType = sourcecode.c.h; path = FBLoginDialog_Scm.h; sourceTree = "<group>"; };
		E25502DA14AB503A00B6A816 /* FBLoginDialog_Scm.m */ = {isa = PBXFileReference; fileEncoding = 4; lastKnownFileType = sourcecode.c.objc; path = FBLoginDialog_Scm.m; sourceTree = "<group>"; };
		E25502DB14AB503A00B6A816 /* FBRequest_Scm.h */ = {isa = PBXFileReference; fileEncoding = 4; lastKnownFileType = sourcecode.c.h; path = FBRequest_Scm.h; sourceTree = "<group>"; };
		E25502DC14AB503A00B6A816 /* FBRequest_Scm.m */ = {isa = PBXFileReference; fileEncoding = 4; lastKnownFileType = sourcecode.c.objc; path = FBRequest_Scm.m; sourceTree = "<group>"; };
		E255030214AB505500B6A816 /* SecondCommercialsAd.h */ = {isa = PBXFileReference; fileEncoding = 4; lastKnownFileType = sourcecode.c.h; path = SecondCommercialsAd.h; sourceTree = "<group>"; };
		E255030314AB505500B6A816 /* SecondCommercialsAd.m */ = {isa = PBXFileReference; fileEncoding = 4; lastKnownFileType = sourcecode.c.objc; path = SecondCommercialsAd.m; sourceTree = "<group>"; };
		E255031614AB61CA00B6A816 /* ASIAuthenticationDialog.h */ = {isa = PBXFileReference; fileEncoding = 4; lastKnownFileType = sourcecode.c.h; path = ASIAuthenticationDialog.h; sourceTree = "<group>"; };
		E255031714AB61CA00B6A816 /* ASIAuthenticationDialog.m */ = {isa = PBXFileReference; fileEncoding = 4; lastKnownFileType = sourcecode.c.objc; path = ASIAuthenticationDialog.m; sourceTree = "<group>"; };
		E255031814AB61CA00B6A816 /* ASICacheDelegate.h */ = {isa = PBXFileReference; fileEncoding = 4; lastKnownFileType = sourcecode.c.h; path = ASICacheDelegate.h; sourceTree = "<group>"; };
		E255031914AB61CA00B6A816 /* ASIDataCompressor.h */ = {isa = PBXFileReference; fileEncoding = 4; lastKnownFileType = sourcecode.c.h; path = ASIDataCompressor.h; sourceTree = "<group>"; };
		E255031A14AB61CA00B6A816 /* ASIDataCompressor.m */ = {isa = PBXFileReference; fileEncoding = 4; lastKnownFileType = sourcecode.c.objc; path = ASIDataCompressor.m; sourceTree = "<group>"; };
		E255031B14AB61CA00B6A816 /* ASIDataDecompressor.h */ = {isa = PBXFileReference; fileEncoding = 4; lastKnownFileType = sourcecode.c.h; path = ASIDataDecompressor.h; sourceTree = "<group>"; };
		E255031C14AB61CA00B6A816 /* ASIDataDecompressor.m */ = {isa = PBXFileReference; fileEncoding = 4; lastKnownFileType = sourcecode.c.objc; path = ASIDataDecompressor.m; sourceTree = "<group>"; };
		E255031D14AB61CA00B6A816 /* ASIDownloadCache.h */ = {isa = PBXFileReference; fileEncoding = 4; lastKnownFileType = sourcecode.c.h; path = ASIDownloadCache.h; sourceTree = "<group>"; };
		E255031E14AB61CA00B6A816 /* ASIDownloadCache.m */ = {isa = PBXFileReference; fileEncoding = 4; lastKnownFileType = sourcecode.c.objc; path = ASIDownloadCache.m; sourceTree = "<group>"; };
		E255031F14AB61CA00B6A816 /* ASIFormDataRequest.h */ = {isa = PBXFileReference; fileEncoding = 4; lastKnownFileType = sourcecode.c.h; path = ASIFormDataRequest.h; sourceTree = "<group>"; };
		E255032014AB61CA00B6A816 /* ASIFormDataRequest.m */ = {isa = PBXFileReference; fileEncoding = 4; lastKnownFileType = sourcecode.c.objc; path = ASIFormDataRequest.m; sourceTree = "<group>"; };
		E255032114AB61CA00B6A816 /* ASIHTTPRequest-Info.plist */ = {isa = PBXFileReference; fileEncoding = 4; lastKnownFileType = text.plist.xml; path = "ASIHTTPRequest-Info.plist"; sourceTree = "<group>"; };
		E255032214AB61CA00B6A816 /* ASIHTTPRequest-Prefix.pch */ = {isa = PBXFileReference; fileEncoding = 4; lastKnownFileType = sourcecode.c.h; path = "ASIHTTPRequest-Prefix.pch"; sourceTree = "<group>"; };
		E255032314AB61CA00B6A816 /* ASIHTTPRequest.h */ = {isa = PBXFileReference; fileEncoding = 4; lastKnownFileType = sourcecode.c.h; path = ASIHTTPRequest.h; sourceTree = "<group>"; };
		E255032414AB61CA00B6A816 /* ASIHTTPRequest.m */ = {isa = PBXFileReference; fileEncoding = 4; lastKnownFileType = sourcecode.c.objc; path = ASIHTTPRequest.m; sourceTree = "<group>"; };
		E255032514AB61CA00B6A816 /* ASIHTTPRequestConfig.h */ = {isa = PBXFileReference; fileEncoding = 4; lastKnownFileType = sourcecode.c.h; path = ASIHTTPRequestConfig.h; sourceTree = "<group>"; };
		E255032614AB61CA00B6A816 /* ASIHTTPRequestDelegate.h */ = {isa = PBXFileReference; fileEncoding = 4; lastKnownFileType = sourcecode.c.h; path = ASIHTTPRequestDelegate.h; sourceTree = "<group>"; };
		E255032714AB61CA00B6A816 /* ASIInputStream.h */ = {isa = PBXFileReference; fileEncoding = 4; lastKnownFileType = sourcecode.c.h; path = ASIInputStream.h; sourceTree = "<group>"; };
		E255032814AB61CA00B6A816 /* ASIInputStream.m */ = {isa = PBXFileReference; fileEncoding = 4; lastKnownFileType = sourcecode.c.objc; path = ASIInputStream.m; sourceTree = "<group>"; };
		E255032914AB61CA00B6A816 /* ASINetworkQueue.h */ = {isa = PBXFileReference; fileEncoding = 4; lastKnownFileType = sourcecode.c.h; path = ASINetworkQueue.h; sourceTree = "<group>"; };
		E255032A14AB61CA00B6A816 /* ASINetworkQueue.m */ = {isa = PBXFileReference; fileEncoding = 4; lastKnownFileType = sourcecode.c.objc; path = ASINetworkQueue.m; sourceTree = "<group>"; };
		E255032B14AB61CA00B6A816 /* ASIProgressDelegate.h */ = {isa = PBXFileReference; fileEncoding = 4; lastKnownFileType = sourcecode.c.h; path = ASIProgressDelegate.h; sourceTree = "<group>"; };
		E255032E14AB61CA00B6A816 /* README-GHUnit */ = {isa = PBXFileReference; fileEncoding = 4; lastKnownFileType = text; path = "README-GHUnit"; sourceTree = "<group>"; };
		E255033014AB61CA00B6A816 /* Reachability.h */ = {isa = PBXFileReference; fileEncoding = 4; lastKnownFileType = sourcecode.c.h; path = Reachability.h; sourceTree = "<group>"; };
		E255033114AB61CA00B6A816 /* Reachability.m */ = {isa = PBXFileReference; fileEncoding = 4; lastKnownFileType = sourcecode.c.objc; path = Reachability.m; sourceTree = "<group>"; };
		E2E594B314EFF8EF008ADF76 /* NSMutableURLRequest+Parameters.h */ = {isa = PBXFileReference; fileEncoding = 4; lastKnownFileType = sourcecode.c.h; path = "NSMutableURLRequest+Parameters.h"; sourceTree = "<group>"; };
		E2E594B414EFF8EF008ADF76 /* NSString+URLEncoding.h */ = {isa = PBXFileReference; fileEncoding = 4; lastKnownFileType = sourcecode.c.h; path = "NSString+URLEncoding.h"; sourceTree = "<group>"; };
		E2E594B514EFF8EF008ADF76 /* NSURL+Base.h */ = {isa = PBXFileReference; fileEncoding = 4; lastKnownFileType = sourcecode.c.h; path = "NSURL+Base.h"; sourceTree = "<group>"; };
		E2E594B614EFF8EF008ADF76 /* OAAsynchronousDataFetcher.h */ = {isa = PBXFileReference; fileEncoding = 4; lastKnownFileType = sourcecode.c.h; path = OAAsynchronousDataFetcher.h; sourceTree = "<group>"; };
		E2E594B714EFF8EF008ADF76 /* OAConsumer.h */ = {isa = PBXFileReference; fileEncoding = 4; lastKnownFileType = sourcecode.c.h; path = OAConsumer.h; sourceTree = "<group>"; };
		E2E594B814EFF8EF008ADF76 /* OADataFetcher.h */ = {isa = PBXFileReference; fileEncoding = 4; lastKnownFileType = sourcecode.c.h; path = OADataFetcher.h; sourceTree = "<group>"; };
		E2E594B914EFF8EF008ADF76 /* OAHMAC_SHA1SignatureProvider.h */ = {isa = PBXFileReference; fileEncoding = 4; lastKnownFileType = sourcecode.c.h; path = OAHMAC_SHA1SignatureProvider.h; sourceTree = "<group>"; };
		E2E594BA14EFF8EF008ADF76 /* OAMutableURLRequest.h */ = {isa = PBXFileReference; fileEncoding = 4; lastKnownFileType = sourcecode.c.h; path = OAMutableURLRequest.h; sourceTree = "<group>"; };
		E2E594BB14EFF8EF008ADF76 /* OAPlaintextSignatureProvider.h */ = {isa = PBXFileReference; fileEncoding = 4; lastKnownFileType = sourcecode.c.h; path = OAPlaintextSignatureProvider.h; sourceTree = "<group>"; };
		E2E594BC14EFF8EF008ADF76 /* OARequestParameter.h */ = {isa = PBXFileReference; fileEncoding = 4; lastKnownFileType = sourcecode.c.h; path = OARequestParameter.h; sourceTree = "<group>"; };
		E2E594BD14EFF8EF008ADF76 /* OAServiceTicket.h */ = {isa = PBXFileReference; fileEncoding = 4; lastKnownFileType = sourcecode.c.h; path = OAServiceTicket.h; sourceTree = "<group>"; };
		E2E594BE14EFF8EF008ADF76 /* OASignatureProviding.h */ = {isa = PBXFileReference; fileEncoding = 4; lastKnownFileType = sourcecode.c.h; path = OASignatureProviding.h; sourceTree = "<group>"; };
		E2E594BF14EFF8EF008ADF76 /* OAToken.h */ = {isa = PBXFileReference; fileEncoding = 4; lastKnownFileType = sourcecode.c.h; path = OAToken.h; sourceTree = "<group>"; };
		E2E594C014EFF8EF008ADF76 /* OAToken_KeychainExtensions.h */ = {isa = PBXFileReference; fileEncoding = 4; lastKnownFileType = sourcecode.c.h; path = OAToken_KeychainExtensions.h; sourceTree = "<group>"; };
		E2E594C114EFF8EF008ADF76 /* OAuthConsumer.h */ = {isa = PBXFileReference; fileEncoding = 4; lastKnownFileType = sourcecode.c.h; path = OAuthConsumer.h; sourceTree = "<group>"; };
		E2E594C314EFF8EF008ADF76 /* MGTwitterEngine.h */ = {isa = PBXFileReference; fileEncoding = 4; lastKnownFileType = sourcecode.c.h; path = MGTwitterEngine.h; sourceTree = "<group>"; };
		E2E594C414EFF8EF008ADF76 /* MGTwitterEngine.m */ = {isa = PBXFileReference; fileEncoding = 4; lastKnownFileType = sourcecode.c.objc; path = MGTwitterEngine.m; sourceTree = "<group>"; };
		E2E594C514EFF8EF008ADF76 /* MGTwitterEngineDelegate.h */ = {isa = PBXFileReference; fileEncoding = 4; lastKnownFileType = sourcecode.c.h; path = MGTwitterEngineDelegate.h; sourceTree = "<group>"; };
		E2E594C614EFF8EF008ADF76 /* MGTwitterEngineGlobalHeader.h */ = {isa = PBXFileReference; fileEncoding = 4; lastKnownFileType = sourcecode.c.h; path = MGTwitterEngineGlobalHeader.h; sourceTree = "<group>"; };
		E2E594C714EFF8EF008ADF76 /* MGTwitterHTTPURLConnection.h */ = {isa = PBXFileReference; fileEncoding = 4; lastKnownFileType = sourcecode.c.h; path = MGTwitterHTTPURLConnection.h; sourceTree = "<group>"; };
		E2E594C814EFF8EF008ADF76 /* MGTwitterHTTPURLConnection.m */ = {isa = PBXFileReference; fileEncoding = 4; lastKnownFileType = sourcecode.c.objc; path = MGTwitterHTTPURLConnection.m; sourceTree = "<group>"; };
		E2E594C914EFF8EF008ADF76 /* MGTwitterLibXMLParser.h */ = {isa = PBXFileReference; fileEncoding = 4; lastKnownFileType = sourcecode.c.h; path = MGTwitterLibXMLParser.h; sourceTree = "<group>"; };
		E2E594CA14EFF8EF008ADF76 /* MGTwitterLibXMLParser.m */ = {isa = PBXFileReference; fileEncoding = 4; lastKnownFileType = sourcecode.c.objc; path = MGTwitterLibXMLParser.m; sourceTree = "<group>"; };
		E2E594CB14EFF8EF008ADF76 /* MGTwitterMessagesLibXMLParser.h */ = {isa = PBXFileReference; fileEncoding = 4; lastKnownFileType = sourcecode.c.h; path = MGTwitterMessagesLibXMLParser.h; sourceTree = "<group>"; };
		E2E594CC14EFF8EF008ADF76 /* MGTwitterMessagesLibXMLParser.m */ = {isa = PBXFileReference; fileEncoding = 4; lastKnownFileType = sourcecode.c.objc; path = MGTwitterMessagesLibXMLParser.m; sourceTree = "<group>"; };
		E2E594CD14EFF8EF008ADF76 /* MGTwitterMessagesParser.h */ = {isa = PBXFileReference; fileEncoding = 4; lastKnownFileType = sourcecode.c.h; path = MGTwitterMessagesParser.h; sourceTree = "<group>"; };
		E2E594CE14EFF8EF008ADF76 /* MGTwitterMessagesParser.m */ = {isa = PBXFileReference; fileEncoding = 4; lastKnownFileType = sourcecode.c.objc; path = MGTwitterMessagesParser.m; sourceTree = "<group>"; };
		E2E594CF14EFF8EF008ADF76 /* MGTwitterMiscLibXMLParser.h */ = {isa = PBXFileReference; fileEncoding = 4; lastKnownFileType = sourcecode.c.h; path = MGTwitterMiscLibXMLParser.h; sourceTree = "<group>"; };
		E2E594D014EFF8EF008ADF76 /* MGTwitterMiscLibXMLParser.m */ = {isa = PBXFileReference; fileEncoding = 4; lastKnownFileType = sourcecode.c.objc; path = MGTwitterMiscLibXMLParser.m; sourceTree = "<group>"; };
		E2E594D114EFF8EF008ADF76 /* MGTwitterMiscParser.h */ = {isa = PBXFileReference; fileEncoding = 4; lastKnownFileType = sourcecode.c.h; path = MGTwitterMiscParser.h; sourceTree = "<group>"; };
		E2E594D214EFF8EF008ADF76 /* MGTwitterMiscParser.m */ = {isa = PBXFileReference; fileEncoding = 4; lastKnownFileType = sourcecode.c.objc; path = MGTwitterMiscParser.m; sourceTree = "<group>"; };
		E2E594D314EFF8EF008ADF76 /* MGTwitterParserDelegate.h */ = {isa = PBXFileReference; fileEncoding = 4; lastKnownFileType = sourcecode.c.h; path = MGTwitterParserDelegate.h; sourceTree = "<group>"; };
		E2E594D414EFF8EF008ADF76 /* MGTwitterRequestTypes.h */ = {isa = PBXFileReference; fileEncoding = 4; lastKnownFileType = sourcecode.c.h; path = MGTwitterRequestTypes.h; sourceTree = "<group>"; };
		E2E594D514EFF8EF008ADF76 /* MGTwitterStatusesLibXMLParser.h */ = {isa = PBXFileReference; fileEncoding = 4; lastKnownFileType = sourcecode.c.h; path = MGTwitterStatusesLibXMLParser.h; sourceTree = "<group>"; };
		E2E594D614EFF8EF008ADF76 /* MGTwitterStatusesLibXMLParser.m */ = {isa = PBXFileReference; fileEncoding = 4; lastKnownFileType = sourcecode.c.objc; path = MGTwitterStatusesLibXMLParser.m; sourceTree = "<group>"; };
		E2E594D714EFF8EF008ADF76 /* MGTwitterStatusesParser.h */ = {isa = PBXFileReference; fileEncoding = 4; lastKnownFileType = sourcecode.c.h; path = MGTwitterStatusesParser.h; sourceTree = "<group>"; };
		E2E594D814EFF8EF008ADF76 /* MGTwitterStatusesParser.m */ = {isa = PBXFileReference; fileEncoding = 4; lastKnownFileType = sourcecode.c.objc; path = MGTwitterStatusesParser.m; sourceTree = "<group>"; };
		E2E594D914EFF8EF008ADF76 /* MGTwitterUsersLibXMLParser.h */ = {isa = PBXFileReference; fileEncoding = 4; lastKnownFileType = sourcecode.c.h; path = MGTwitterUsersLibXMLParser.h; sourceTree = "<group>"; };
		E2E594DA14EFF8EF008ADF76 /* MGTwitterUsersLibXMLParser.m */ = {isa = PBXFileReference; fileEncoding = 4; lastKnownFileType = sourcecode.c.objc; path = MGTwitterUsersLibXMLParser.m; sourceTree = "<group>"; };
		E2E594DB14EFF8EF008ADF76 /* MGTwitterUsersParser.h */ = {isa = PBXFileReference; fileEncoding = 4; lastKnownFileType = sourcecode.c.h; path = MGTwitterUsersParser.h; sourceTree = "<group>"; };
		E2E594DC14EFF8EF008ADF76 /* MGTwitterUsersParser.m */ = {isa = PBXFileReference; fileEncoding = 4; lastKnownFileType = sourcecode.c.objc; path = MGTwitterUsersParser.m; sourceTree = "<group>"; };
		E2E594DD14EFF8EF008ADF76 /* MGTwitterXMLParser.h */ = {isa = PBXFileReference; fileEncoding = 4; lastKnownFileType = sourcecode.c.h; path = MGTwitterXMLParser.h; sourceTree = "<group>"; };
		E2E594DE14EFF8EF008ADF76 /* MGTwitterXMLParser.m */ = {isa = PBXFileReference; fileEncoding = 4; lastKnownFileType = sourcecode.c.objc; path = MGTwitterXMLParser.m; sourceTree = "<group>"; };
		E2E594DF14EFF8EF008ADF76 /* NSData+Base64.h */ = {isa = PBXFileReference; fileEncoding = 4; lastKnownFileType = sourcecode.c.h; path = "NSData+Base64.h"; sourceTree = "<group>"; };
		E2E594E014EFF8EF008ADF76 /* NSData+Base64.m */ = {isa = PBXFileReference; fileEncoding = 4; lastKnownFileType = sourcecode.c.objc; path = "NSData+Base64.m"; sourceTree = "<group>"; };
		E2E594E114EFF8EF008ADF76 /* NSString+UUID.h */ = {isa = PBXFileReference; fileEncoding = 4; lastKnownFileType = sourcecode.c.h; path = "NSString+UUID.h"; sourceTree = "<group>"; };
		E2E594E214EFF8EF008ADF76 /* NSString+UUID.m */ = {isa = PBXFileReference; fileEncoding = 4; lastKnownFileType = sourcecode.c.objc; path = "NSString+UUID.m"; sourceTree = "<group>"; };
		E2E594E414EFF8EF008ADF76 /* libOAuth.a */ = {isa = PBXFileReference; lastKnownFileType = archive.ar; path = libOAuth.a; sourceTree = "<group>"; };
		E2E594E514EFF8EF008ADF76 /* SA_OAuthTwitterController.h */ = {isa = PBXFileReference; fileEncoding = 4; lastKnownFileType = sourcecode.c.h; path = SA_OAuthTwitterController.h; sourceTree = "<group>"; };
		E2E594E614EFF8EF008ADF76 /* SA_OAuthTwitterController.m */ = {isa = PBXFileReference; fileEncoding = 4; lastKnownFileType = sourcecode.c.objc; path = SA_OAuthTwitterController.m; sourceTree = "<group>"; };
		E2E594E714EFF8EF008ADF76 /* SA_OAuthTwitterEngine.h */ = {isa = PBXFileReference; fileEncoding = 4; lastKnownFileType = sourcecode.c.h; path = SA_OAuthTwitterEngine.h; sourceTree = "<group>"; };
		E2E594E814EFF8EF008ADF76 /* SA_OAuthTwitterEngine.m */ = {isa = PBXFileReference; fileEncoding = 4; lastKnownFileType = sourcecode.c.objc; path = SA_OAuthTwitterEngine.m; sourceTree = "<group>"; };
/* End PBXFileReference section */

/* Begin PBXFrameworksBuildPhase section */
		E255028914AB4FEC00B6A816 /* Frameworks */ = {
			isa = PBXFrameworksBuildPhase;
			buildActionMask = 2147483647;
			files = (
				85FFB22215C2472C0099B0AA /* Twitter.framework in Frameworks */,
				85FFB21F15C247220099B0AA /* Accounts.framework in Frameworks */,
				E2E5951814EFF8EF008ADF76 /* libOAuth.a in Frameworks */,
			);
			runOnlyForDeploymentPostprocessing = 0;
		};
/* End PBXFrameworksBuildPhase section */

/* Begin PBXGroup section */
		E252F25314C5B1BF00D9D48F /* JSON */ = {
			isa = PBXGroup;
			children = (
				E252F25414C5B1BF00D9D48F /* JSON.h */,
				E252F25514C5B1BF00D9D48F /* NSObject+SBJSON_Scm.h */,
				E252F25614C5B1BF00D9D48F /* NSObject+SBJSON_Scm.m */,
				E252F25714C5B1BF00D9D48F /* NSString+SBJSON_Scm.h */,
				E252F25814C5B1BF00D9D48F /* NSString+SBJSON_Scm.m */,
				E252F25914C5B1BF00D9D48F /* SBJSON_Scm.h */,
				E252F25A14C5B1BF00D9D48F /* SBJSON_Scm.m */,
				E252F25B14C5B1BF00D9D48F /* SBJsonBase_Scm.h */,
				E252F25C14C5B1BF00D9D48F /* SBJsonBase_Scm.m */,
				E252F25D14C5B1BF00D9D48F /* SBJsonParser_Scm.h */,
				E252F25E14C5B1BF00D9D48F /* SBJsonParser_Scm.m */,
				E252F25F14C5B1BF00D9D48F /* SBJsonWriter_Scm.h */,
				E252F26014C5B1BF00D9D48F /* SBJsonWriter_Scm.m */,
			);
			path = JSON;
			sourceTree = "<group>";
		};
		E255028014AB4FEC00B6A816 = {
			isa = PBXGroup;
			children = (
				85FFB22115C2472C0099B0AA /* Twitter.framework */,
				85FFB21E15C247220099B0AA /* Accounts.framework */,
				E2E594B014EFF8EF008ADF76 /* Twitter+OAuth */,
				E255031514AB61CA00B6A816 /* ASIHTTPRequest */,
				E25502D214AB503A00B6A816 /* Facebook */,
				E255029014AB4FEC00B6A816 /* SecondCommercialsAd */,
				E255028F14AB4FEC00B6A816 /* Products */,
			);
			sourceTree = "<group>";
		};
		E255028F14AB4FEC00B6A816 /* Products */ = {
			isa = PBXGroup;
			children = (
				E255028E14AB4FEC00B6A816 /* SecondCommercialsAd.framework */,
			);
			name = Products;
			sourceTree = "<group>";
		};
		E255029014AB4FEC00B6A816 /* SecondCommercialsAd */ = {
			isa = PBXGroup;
			children = (
				E255030214AB505500B6A816 /* SecondCommercialsAd.h */,
				E255030314AB505500B6A816 /* SecondCommercialsAd.m */,
				E255029114AB4FEC00B6A816 /* Supporting Files */,
			);
			path = SecondCommercialsAd;
			sourceTree = "<group>";
		};
		E255029114AB4FEC00B6A816 /* Supporting Files */ = {
			isa = PBXGroup;
			children = (
				E255029214AB4FEC00B6A816 /* SecondCommercialsAd-Info.plist */,
				E255029314AB4FEC00B6A816 /* InfoPlist.strings */,
				E255029614AB4FEC00B6A816 /* SecondCommercialsAd-Prefix.pch */,
			);
			name = "Supporting Files";
			sourceTree = "<group>";
		};
		E25502D214AB503A00B6A816 /* Facebook */ = {
			isa = PBXGroup;
			children = (
				E252F25314C5B1BF00D9D48F /* JSON */,
				E25502D314AB503A00B6A816 /* Facebook_Scm.h */,
				E25502D414AB503A00B6A816 /* Facebook_Scm.m */,
				E25502D514AB503A00B6A816 /* FBConnect.h */,
				E25502D614AB503A00B6A816 /* FBDialog.bundle */,
				E25502D714AB503A00B6A816 /* FBDialog_Scm.h */,
				E25502D814AB503A00B6A816 /* FBDialog_Scm.m */,
				E25502D914AB503A00B6A816 /* FBLoginDialog_Scm.h */,
				E25502DA14AB503A00B6A816 /* FBLoginDialog_Scm.m */,
				E25502DB14AB503A00B6A816 /* FBRequest_Scm.h */,
				E25502DC14AB503A00B6A816 /* FBRequest_Scm.m */,
			);
			name = Facebook;
			path = src;
			sourceTree = "<group>";
		};
		E255031514AB61CA00B6A816 /* ASIHTTPRequest */ = {
			isa = PBXGroup;
			children = (
				E255031614AB61CA00B6A816 /* ASIAuthenticationDialog.h */,
				E255031714AB61CA00B6A816 /* ASIAuthenticationDialog.m */,
				E255031814AB61CA00B6A816 /* ASICacheDelegate.h */,
				E255031914AB61CA00B6A816 /* ASIDataCompressor.h */,
				E255031A14AB61CA00B6A816 /* ASIDataCompressor.m */,
				E255031B14AB61CA00B6A816 /* ASIDataDecompressor.h */,
				E255031C14AB61CA00B6A816 /* ASIDataDecompressor.m */,
				E255031D14AB61CA00B6A816 /* ASIDownloadCache.h */,
				E255031E14AB61CA00B6A816 /* ASIDownloadCache.m */,
				E255031F14AB61CA00B6A816 /* ASIFormDataRequest.h */,
				E255032014AB61CA00B6A816 /* ASIFormDataRequest.m */,
				E255032114AB61CA00B6A816 /* ASIHTTPRequest-Info.plist */,
				E255032214AB61CA00B6A816 /* ASIHTTPRequest-Prefix.pch */,
				E255032314AB61CA00B6A816 /* ASIHTTPRequest.h */,
				E255032414AB61CA00B6A816 /* ASIHTTPRequest.m */,
				E255032514AB61CA00B6A816 /* ASIHTTPRequestConfig.h */,
				E255032614AB61CA00B6A816 /* ASIHTTPRequestDelegate.h */,
				E255032714AB61CA00B6A816 /* ASIInputStream.h */,
				E255032814AB61CA00B6A816 /* ASIInputStream.m */,
				E255032914AB61CA00B6A816 /* ASINetworkQueue.h */,
				E255032A14AB61CA00B6A816 /* ASINetworkQueue.m */,
				E255032B14AB61CA00B6A816 /* ASIProgressDelegate.h */,
				E255032C14AB61CA00B6A816 /* External */,
			);
			path = ASIHTTPRequest;
			sourceTree = "<group>";
		};
		E255032C14AB61CA00B6A816 /* External */ = {
			isa = PBXGroup;
			children = (
				E255032D14AB61CA00B6A816 /* GHUnit */,
				E255032F14AB61CA00B6A816 /* Reachability */,
			);
			path = External;
			sourceTree = "<group>";
		};
		E255032D14AB61CA00B6A816 /* GHUnit */ = {
			isa = PBXGroup;
			children = (
				E255032E14AB61CA00B6A816 /* README-GHUnit */,
			);
			path = GHUnit;
			sourceTree = "<group>";
		};
		E255032F14AB61CA00B6A816 /* Reachability */ = {
			isa = PBXGroup;
			children = (
				E255033014AB61CA00B6A816 /* Reachability.h */,
				E255033114AB61CA00B6A816 /* Reachability.m */,
			);
			path = Reachability;
			sourceTree = "<group>";
		};
		E2E594B014EFF8EF008ADF76 /* Twitter+OAuth */ = {
			isa = PBXGroup;
			children = (
				E2E594B114EFF8EF008ADF76 /* Libraries & Headers */,
				E2E594C214EFF8EF008ADF76 /* MGTwitterEngine */,
				E2E594E314EFF8EF008ADF76 /* SAOAuthTwitterEngine */,
			);
			path = "Twitter+OAuth";
			sourceTree = "<group>";
		};
		E2E594B114EFF8EF008ADF76 /* Libraries & Headers */ = {
			isa = PBXGroup;
			children = (
				E2E594B214EFF8EF008ADF76 /* OAuthConsumer */,
			);
			path = "Libraries & Headers";
			sourceTree = "<group>";
		};
		E2E594B214EFF8EF008ADF76 /* OAuthConsumer */ = {
			isa = PBXGroup;
			children = (
				E2E594B314EFF8EF008ADF76 /* NSMutableURLRequest+Parameters.h */,
				E2E594B414EFF8EF008ADF76 /* NSString+URLEncoding.h */,
				E2E594B514EFF8EF008ADF76 /* NSURL+Base.h */,
				E2E594B614EFF8EF008ADF76 /* OAAsynchronousDataFetcher.h */,
				E2E594B714EFF8EF008ADF76 /* OAConsumer.h */,
				E2E594B814EFF8EF008ADF76 /* OADataFetcher.h */,
				E2E594B914EFF8EF008ADF76 /* OAHMAC_SHA1SignatureProvider.h */,
				E2E594BA14EFF8EF008ADF76 /* OAMutableURLRequest.h */,
				E2E594BB14EFF8EF008ADF76 /* OAPlaintextSignatureProvider.h */,
				E2E594BC14EFF8EF008ADF76 /* OARequestParameter.h */,
				E2E594BD14EFF8EF008ADF76 /* OAServiceTicket.h */,
				E2E594BE14EFF8EF008ADF76 /* OASignatureProviding.h */,
				E2E594BF14EFF8EF008ADF76 /* OAToken.h */,
				E2E594C014EFF8EF008ADF76 /* OAToken_KeychainExtensions.h */,
				E2E594C114EFF8EF008ADF76 /* OAuthConsumer.h */,
			);
			path = OAuthConsumer;
			sourceTree = "<group>";
		};
		E2E594C214EFF8EF008ADF76 /* MGTwitterEngine */ = {
			isa = PBXGroup;
			children = (
				E2E594C314EFF8EF008ADF76 /* MGTwitterEngine.h */,
				E2E594C414EFF8EF008ADF76 /* MGTwitterEngine.m */,
				E2E594C514EFF8EF008ADF76 /* MGTwitterEngineDelegate.h */,
				E2E594C614EFF8EF008ADF76 /* MGTwitterEngineGlobalHeader.h */,
				E2E594C714EFF8EF008ADF76 /* MGTwitterHTTPURLConnection.h */,
				E2E594C814EFF8EF008ADF76 /* MGTwitterHTTPURLConnection.m */,
				E2E594C914EFF8EF008ADF76 /* MGTwitterLibXMLParser.h */,
				E2E594CA14EFF8EF008ADF76 /* MGTwitterLibXMLParser.m */,
				E2E594CB14EFF8EF008ADF76 /* MGTwitterMessagesLibXMLParser.h */,
				E2E594CC14EFF8EF008ADF76 /* MGTwitterMessagesLibXMLParser.m */,
				E2E594CD14EFF8EF008ADF76 /* MGTwitterMessagesParser.h */,
				E2E594CE14EFF8EF008ADF76 /* MGTwitterMessagesParser.m */,
				E2E594CF14EFF8EF008ADF76 /* MGTwitterMiscLibXMLParser.h */,
				E2E594D014EFF8EF008ADF76 /* MGTwitterMiscLibXMLParser.m */,
				E2E594D114EFF8EF008ADF76 /* MGTwitterMiscParser.h */,
				E2E594D214EFF8EF008ADF76 /* MGTwitterMiscParser.m */,
				E2E594D314EFF8EF008ADF76 /* MGTwitterParserDelegate.h */,
				E2E594D414EFF8EF008ADF76 /* MGTwitterRequestTypes.h */,
				E2E594D514EFF8EF008ADF76 /* MGTwitterStatusesLibXMLParser.h */,
				E2E594D614EFF8EF008ADF76 /* MGTwitterStatusesLibXMLParser.m */,
				E2E594D714EFF8EF008ADF76 /* MGTwitterStatusesParser.h */,
				E2E594D814EFF8EF008ADF76 /* MGTwitterStatusesParser.m */,
				E2E594D914EFF8EF008ADF76 /* MGTwitterUsersLibXMLParser.h */,
				E2E594DA14EFF8EF008ADF76 /* MGTwitterUsersLibXMLParser.m */,
				E2E594DB14EFF8EF008ADF76 /* MGTwitterUsersParser.h */,
				E2E594DC14EFF8EF008ADF76 /* MGTwitterUsersParser.m */,
				E2E594DD14EFF8EF008ADF76 /* MGTwitterXMLParser.h */,
				E2E594DE14EFF8EF008ADF76 /* MGTwitterXMLParser.m */,
				E2E594DF14EFF8EF008ADF76 /* NSData+Base64.h */,
				E2E594E014EFF8EF008ADF76 /* NSData+Base64.m */,
				E2E594E114EFF8EF008ADF76 /* NSString+UUID.h */,
				E2E594E214EFF8EF008ADF76 /* NSString+UUID.m */,
			);
			path = MGTwitterEngine;
			sourceTree = "<group>";
		};
		E2E594E314EFF8EF008ADF76 /* SAOAuthTwitterEngine */ = {
			isa = PBXGroup;
			children = (
				E2E594E414EFF8EF008ADF76 /* libOAuth.a */,
				E2E594E514EFF8EF008ADF76 /* SA_OAuthTwitterController.h */,
				E2E594E614EFF8EF008ADF76 /* SA_OAuthTwitterController.m */,
				E2E594E714EFF8EF008ADF76 /* SA_OAuthTwitterEngine.h */,
				E2E594E814EFF8EF008ADF76 /* SA_OAuthTwitterEngine.m */,
			);
			path = SAOAuthTwitterEngine;
			sourceTree = "<group>";
		};
/* End PBXGroup section */

/* Begin PBXHeadersBuildPhase section */
		E255028A14AB4FEC00B6A816 /* Headers */ = {
			isa = PBXHeadersBuildPhase;
			buildActionMask = 2147483647;
			files = (
				E25502EB14AB503A00B6A816 /* Facebook_Scm.h in Headers */,
				E25502ED14AB503A00B6A816 /* FBConnect.h in Headers */,
				E25502EF14AB503A00B6A816 /* FBDialog_Scm.h in Headers */,
				E25502F114AB503A00B6A816 /* FBLoginDialog_Scm.h in Headers */,
				E25502F314AB503A00B6A816 /* FBRequest_Scm.h in Headers */,
				E255030414AB505500B6A816 /* SecondCommercialsAd.h in Headers */,
				E255033214AB61CA00B6A816 /* ASIAuthenticationDialog.h in Headers */,
				E255033414AB61CA00B6A816 /* ASICacheDelegate.h in Headers */,
				E255033514AB61CA00B6A816 /* ASIDataCompressor.h in Headers */,
				E252F26114C5B1BF00D9D48F /* JSON.h in Headers */,
				E252F26214C5B1BF00D9D48F /* NSObject+SBJSON_Scm.h in Headers */,
				E252F26414C5B1C000D9D48F /* NSString+SBJSON_Scm.h in Headers */,
				E252F26614C5B1C000D9D48F /* SBJSON_Scm.h in Headers */,
				E252F26814C5B1C000D9D48F /* SBJsonBase_Scm.h in Headers */,
				E252F26A14C5B1C000D9D48F /* SBJsonParser_Scm.h in Headers */,
				E252F26C14C5B1C000D9D48F /* SBJsonWriter_Scm.h in Headers */,
				E255033714AB61CA00B6A816 /* ASIDataDecompressor.h in Headers */,
				E255033914AB61CA00B6A816 /* ASIDownloadCache.h in Headers */,
				E255033B14AB61CA00B6A816 /* ASIFormDataRequest.h in Headers */,
				E255033E14AB61CA00B6A816 /* ASIHTTPRequest-Prefix.pch in Headers */,
				E255033F14AB61CA00B6A816 /* ASIHTTPRequest.h in Headers */,
				E255034114AB61CA00B6A816 /* ASIHTTPRequestConfig.h in Headers */,
				E255034214AB61CA00B6A816 /* ASIHTTPRequestDelegate.h in Headers */,
				E255034314AB61CA00B6A816 /* ASIInputStream.h in Headers */,
				E255034514AB61CA00B6A816 /* ASINetworkQueue.h in Headers */,
				E255034714AB61CA00B6A816 /* ASIProgressDelegate.h in Headers */,
				E255034914AB61CA00B6A816 /* Reachability.h in Headers */,
				E2E594E914EFF8EF008ADF76 /* NSMutableURLRequest+Parameters.h in Headers */,
				E2E594EA14EFF8EF008ADF76 /* NSString+URLEncoding.h in Headers */,
				E2E594EB14EFF8EF008ADF76 /* NSURL+Base.h in Headers */,
				E2E594EC14EFF8EF008ADF76 /* OAAsynchronousDataFetcher.h in Headers */,
				E2E594ED14EFF8EF008ADF76 /* OAConsumer.h in Headers */,
				E2E594EE14EFF8EF008ADF76 /* OADataFetcher.h in Headers */,
				E2E594EF14EFF8EF008ADF76 /* OAHMAC_SHA1SignatureProvider.h in Headers */,
				E2E594F014EFF8EF008ADF76 /* OAMutableURLRequest.h in Headers */,
				E2E594F114EFF8EF008ADF76 /* OAPlaintextSignatureProvider.h in Headers */,
				E2E594F214EFF8EF008ADF76 /* OARequestParameter.h in Headers */,
				E2E594F314EFF8EF008ADF76 /* OAServiceTicket.h in Headers */,
				E2E594F414EFF8EF008ADF76 /* OASignatureProviding.h in Headers */,
				E2E594F514EFF8EF008ADF76 /* OAToken.h in Headers */,
				E2E594F614EFF8EF008ADF76 /* OAToken_KeychainExtensions.h in Headers */,
				E2E594F714EFF8EF008ADF76 /* OAuthConsumer.h in Headers */,
				E2E594F814EFF8EF008ADF76 /* MGTwitterEngine.h in Headers */,
				E2E594FA14EFF8EF008ADF76 /* MGTwitterEngineDelegate.h in Headers */,
				E2E594FB14EFF8EF008ADF76 /* MGTwitterEngineGlobalHeader.h in Headers */,
				E2E594FC14EFF8EF008ADF76 /* MGTwitterHTTPURLConnection.h in Headers */,
				E2E594FE14EFF8EF008ADF76 /* MGTwitterLibXMLParser.h in Headers */,
				E2E5950014EFF8EF008ADF76 /* MGTwitterMessagesLibXMLParser.h in Headers */,
				E2E5950214EFF8EF008ADF76 /* MGTwitterMessagesParser.h in Headers */,
				E2E5950414EFF8EF008ADF76 /* MGTwitterMiscLibXMLParser.h in Headers */,
				E2E5950614EFF8EF008ADF76 /* MGTwitterMiscParser.h in Headers */,
				E2E5950814EFF8EF008ADF76 /* MGTwitterParserDelegate.h in Headers */,
				E2E5950914EFF8EF008ADF76 /* MGTwitterRequestTypes.h in Headers */,
				E2E5950A14EFF8EF008ADF76 /* MGTwitterStatusesLibXMLParser.h in Headers */,
				E2E5950C14EFF8EF008ADF76 /* MGTwitterStatusesParser.h in Headers */,
				E2E5950E14EFF8EF008ADF76 /* MGTwitterUsersLibXMLParser.h in Headers */,
				E2E5951014EFF8EF008ADF76 /* MGTwitterUsersParser.h in Headers */,
				E2E5951214EFF8EF008ADF76 /* MGTwitterXMLParser.h in Headers */,
				E2E5951414EFF8EF008ADF76 /* NSData+Base64.h in Headers */,
				E2E5951614EFF8EF008ADF76 /* NSString+UUID.h in Headers */,
				E2E5951914EFF8F0008ADF76 /* SA_OAuthTwitterController.h in Headers */,
				E2E5951B14EFF8F0008ADF76 /* SA_OAuthTwitterEngine.h in Headers */,
			);
			runOnlyForDeploymentPostprocessing = 0;
		};
/* End PBXHeadersBuildPhase section */

/* Begin PBXNativeTarget section */
		E255028D14AB4FEC00B6A816 /* SecondCommercialsAd */ = {
			isa = PBXNativeTarget;
			buildConfigurationList = E255029914AB4FEC00B6A816 /* Build configuration list for PBXNativeTarget "SecondCommercialsAd" */;
			buildPhases = (
				E255028714AB4FEC00B6A816 /* ShellScript */,
				E255028814AB4FEC00B6A816 /* Sources */,
				E255028914AB4FEC00B6A816 /* Frameworks */,
				E255028A14AB4FEC00B6A816 /* Headers */,
				E255028B14AB4FEC00B6A816 /* Resources */,
				E255028C14AB4FEC00B6A816 /* ShellScript */,
			);
			buildRules = (
			);
			dependencies = (
			);
			name = SecondCommercialsAd;
			productName = SecondCommercialsAd;
			productReference = E255028E14AB4FEC00B6A816 /* SecondCommercialsAd.framework */;
			productType = "com.apple.product-type.bundle";
		};
/* End PBXNativeTarget section */

/* Begin PBXProject section */
		E255028214AB4FEC00B6A816 /* Project object */ = {
			isa = PBXProject;
			attributes = {
				LastUpgradeCheck = 0410;
			};
			buildConfigurationList = E255028514AB4FEC00B6A816 /* Build configuration list for PBXProject "SecondCommercialsAd" */;
			compatibilityVersion = "Xcode 3.2";
			developmentRegion = English;
			hasScannedForEncodings = 0;
			knownRegions = (
				en,
			);
			mainGroup = E255028014AB4FEC00B6A816;
			productRefGroup = E255028F14AB4FEC00B6A816 /* Products */;
			projectDirPath = "";
			projectRoot = "";
			targets = (
				E255028D14AB4FEC00B6A816 /* SecondCommercialsAd */,
			);
		};
/* End PBXProject section */

/* Begin PBXResourcesBuildPhase section */
		E255028B14AB4FEC00B6A816 /* Resources */ = {
			isa = PBXResourcesBuildPhase;
			buildActionMask = 2147483647;
			files = (
				E255029514AB4FEC00B6A816 /* InfoPlist.strings in Resources */,
				E25502EE14AB503A00B6A816 /* FBDialog.bundle in Resources */,
				E255033D14AB61CA00B6A816 /* ASIHTTPRequest-Info.plist in Resources */,
				E255034814AB61CA00B6A816 /* README-GHUnit in Resources */,
			);
			runOnlyForDeploymentPostprocessing = 0;
		};
/* End PBXResourcesBuildPhase section */

/* Begin PBXShellScriptBuildPhase section */
		E255028714AB4FEC00B6A816 /* ShellScript */ = {
			isa = PBXShellScriptBuildPhase;
			buildActionMask = 2147483647;
			files = (
			);
			inputPaths = (
			);
			outputPaths = (
			);
			runOnlyForDeploymentPostprocessing = 0;
			shellPath = /bin/sh;
			shellScript = "set -e\n\nset +u\nif [[ $UFW_MASTER_SCRIPT_RUNNING ]]\nthen\n    # Nothing for the slave script to do\n    exit 0\nfi\nset -u\n\nif [[ \"$SDK_NAME\" =~ ([A-Za-z]+) ]]\nthen\n    UFW_SDK_PLATFORM=${BASH_REMATCH[1]}\nelse\n    echo \"Could not find platform name from SDK_NAME: $SDK_NAME\"\n    exit 1\nfi\n\nif [[ \"$SDK_NAME\" =~ ([0-9]+.*$) ]]\nthen\n\tUFW_SDK_VERSION=${BASH_REMATCH[1]}\nelse\n    echo \"Could not find sdk version  from SDK_NAME: $SDK_NAME\"\n    exit 1\nfi\n\nif [[ \"$UFW_SDK_PLATFORM\" = \"iphoneos\" ]]\nthen\n    UFW_OTHER_PLATFORM=iphonesimulator\nelse\n    UFW_OTHER_PLATFORM=iphoneos\nfi\n\nif [[ \"$BUILT_PRODUCTS_DIR\" =~ (.*)$UFW_SDK_PLATFORM$ ]]\nthen\n    UFW_OTHER_BUILT_PRODUCTS_DIR=\"${BASH_REMATCH[1]}${UFW_OTHER_PLATFORM}\"\nelse\n    echo \"Could not find $UFW_SDK_PLATFORM in $BUILT_PRODUCTS_DIR\"\n    exit 1\nfi\n\n\n# Short-circuit if all binaries are up to date\n\nif [[ -f \"${BUILT_PRODUCTS_DIR}/${EXECUTABLE_PATH}\" ]] && \\\n   [[ -f \"${BUILT_PRODUCTS_DIR}/${PRODUCT_NAME}.embeddedframework/${EXECUTABLE_PATH}\" ]] && \\\n   [[ ! \"${BUILT_PRODUCTS_DIR}/${EXECUTABLE_PATH}\" -nt \"${BUILT_PRODUCTS_DIR}/${PRODUCT_NAME}.embeddedframework/${EXECUTABLE_PATH}\" ]]\n   [[ -f \"${UFW_OTHER_BUILT_PRODUCTS_DIR}/${EXECUTABLE_PATH}\" ]] && \\\n   [[ -f \"${UFW_OTHER_BUILT_PRODUCTS_DIR}/${PRODUCT_NAME}.embeddedframework/${EXECUTABLE_PATH}\" ]] && \\\n   [[ ! \"${UFW_OTHER_BUILT_PRODUCTS_DIR}/${EXECUTABLE_PATH}\" -nt \"${UFW_OTHER_BUILT_PRODUCTS_DIR}/${PRODUCT_NAME}.embeddedframework/${EXECUTABLE_PATH}\" ]]\nthen\n    exit 0\nfi\n\n\n# Clean other platform if needed\n\nif [[ ! -f \"${BUILT_PRODUCTS_DIR}/${EXECUTABLE_PATH}\" ]]\nthen\n\techo \"Platform \\\"$UFW_SDK_PLATFORM\\\" was cleaned recently. Cleaning \\\"$UFW_OTHER_PLATFORM\\\" as well\"\n\techo xcodebuild -project \"${PROJECT_FILE_PATH}\" -target \"${TARGET_NAME}\" -configuration \"${CONFIGURATION}\" -sdk ${UFW_OTHER_PLATFORM}${UFW_SDK_VERSION} BUILD_DIR=\"${BUILD_DIR}\" CONFIGURATION_TEMP_DIR=\"${PROJECT_TEMP_DIR}/${CONFIGURATION}-${UFW_OTHER_PLATFORM}\" clean\n\txcodebuild -project \"${PROJECT_FILE_PATH}\" -target \"${TARGET_NAME}\" -configuration \"${CONFIGURATION}\" -sdk ${UFW_OTHER_PLATFORM}${UFW_SDK_VERSION} BUILD_DIR=\"${BUILD_DIR}\" CONFIGURATION_TEMP_DIR=\"${PROJECT_TEMP_DIR}/${CONFIGURATION}-${UFW_OTHER_PLATFORM}\" clean\nfi\n\n\n# Make sure we are building from fresh binaries\n\nrm -rf \"${BUILT_PRODUCTS_DIR}/${EXECUTABLE_PATH}\"\nrm -rf \"${BUILT_PRODUCTS_DIR}/${PRODUCT_NAME}.embeddedframework\"\nrm -rf \"${UFW_OTHER_BUILT_PRODUCTS_DIR}/${EXECUTABLE_PATH}\"\nrm -rf \"${UFW_OTHER_BUILT_PRODUCTS_DIR}/${PRODUCT_NAME}.embeddedframework\"\n";
		};
		E255028C14AB4FEC00B6A816 /* ShellScript */ = {
			isa = PBXShellScriptBuildPhase;
			buildActionMask = 2147483647;
			files = (
			);
			inputPaths = (
			);
			outputPaths = (
			);
			runOnlyForDeploymentPostprocessing = 0;
			shellPath = /bin/sh;
			shellScript = "set -e\n\nset +u\nif [[ $UFW_MASTER_SCRIPT_RUNNING ]]\nthen\n    # Nothing for the slave script to do\n    exit 0\nfi\nset -u\nexport UFW_MASTER_SCRIPT_RUNNING=1\n\n\n# Functions\n\n## List files in the specified directory, storing to the specified array.\n#\n# @param $1 The path to list\n# @param $2 The name of the array to fill\n#\n##\nlist_files ()\n{\n    filelist=$(ls \"$1\")\n    while read line\n    do\n        eval \"$2[\\${#$2[*]}]=\\\"\\$line\\\"\"\n    done <<< \"$filelist\"\n}\n\n\n# Sanity check\n\nif [[ ! -f \"${BUILT_PRODUCTS_DIR}/${EXECUTABLE_PATH}\" ]]\nthen\n    echo \"Framework target \\\"${TARGET_NAME}\\\" had no source files to build from. Make sure your source files have the correct target membership\"\n    exit 1\nfi\n\n\n# Gather information\n\nif [[ \"$SDK_NAME\" =~ ([A-Za-z]+) ]]\nthen\n    UFW_SDK_PLATFORM=${BASH_REMATCH[1]}\nelse\n    echo \"Could not find platform name from SDK_NAME: $SDK_NAME\"\n    exit 1\nfi\n\nif [[ \"$SDK_NAME\" =~ ([0-9]+.*$) ]]\nthen\n    UFW_SDK_VERSION=${BASH_REMATCH[1]}\nelse\n    echo \"Could not find sdk version from SDK_NAME: $SDK_NAME\"\n    exit 1\nfi\n\nif [[ \"$UFW_SDK_PLATFORM\" = \"iphoneos\" ]]\nthen\n    UFW_OTHER_PLATFORM=iphonesimulator\nelse\n    UFW_OTHER_PLATFORM=iphoneos\nfi\n\nif [[ \"$BUILT_PRODUCTS_DIR\" =~ (.*)$UFW_SDK_PLATFORM$ ]]\nthen\n    UFW_OTHER_BUILT_PRODUCTS_DIR=\"${BASH_REMATCH[1]}${UFW_OTHER_PLATFORM}\"\nelse\n    echo \"Could not find $UFW_SDK_PLATFORM in $BUILT_PRODUCTS_DIR\"\n    exit 1\nfi\n\n\n# Short-circuit if all binaries are up to date.\n# We already checked the other platform in the prerun script.\n\nif [[ -f \"${BUILT_PRODUCTS_DIR}/${EXECUTABLE_PATH}\" ]] && [[ -f \"${BUILT_PRODUCTS_DIR}/${PRODUCT_NAME}.embeddedframework/${EXECUTABLE_PATH}\" ]] && [[ ! \"${BUILT_PRODUCTS_DIR}/${EXECUTABLE_PATH}\" -nt \"${BUILT_PRODUCTS_DIR}/${PRODUCT_NAME}.embeddedframework/${EXECUTABLE_PATH}\" ]]\nthen\n    exit 0\nfi\n\n\n# Make sure the other platform gets built\n\necho \"Build other platform\"\n\necho xcodebuild -project \"${PROJECT_FILE_PATH}\" -target \"${TARGET_NAME}\" -configuration \"${CONFIGURATION}\" -sdk ${UFW_OTHER_PLATFORM}${UFW_SDK_VERSION} BUILD_DIR=\"${BUILD_DIR}\" CONFIGURATION_TEMP_DIR=\"${PROJECT_TEMP_DIR}/${CONFIGURATION}-${UFW_OTHER_PLATFORM}\" $ACTION\nxcodebuild -project \"${PROJECT_FILE_PATH}\" -target \"${TARGET_NAME}\" -configuration \"${CONFIGURATION}\" -sdk ${UFW_OTHER_PLATFORM}${UFW_SDK_VERSION} BUILD_DIR=\"${BUILD_DIR}\" CONFIGURATION_TEMP_DIR=\"${PROJECT_TEMP_DIR}/${CONFIGURATION}-${UFW_OTHER_PLATFORM}\" $ACTION\n\n\n# Build the fat static library binary\n\necho \"Create universal static library\"\n\necho \"$PLATFORM_DEVELOPER_BIN_DIR/libtool\" -static \"${BUILT_PRODUCTS_DIR}/${EXECUTABLE_PATH}\" \"${UFW_OTHER_BUILT_PRODUCTS_DIR}/${EXECUTABLE_PATH}\" -o \"${BUILT_PRODUCTS_DIR}/${EXECUTABLE_PATH}.temp\"\n\"$PLATFORM_DEVELOPER_BIN_DIR/libtool\" -static \"${BUILT_PRODUCTS_DIR}/${EXECUTABLE_PATH}\" \"${UFW_OTHER_BUILT_PRODUCTS_DIR}/${EXECUTABLE_PATH}\" -o \"${BUILT_PRODUCTS_DIR}/${EXECUTABLE_PATH}.temp\"\n\necho mv \"${BUILT_PRODUCTS_DIR}/${EXECUTABLE_PATH}.temp\" \"${BUILT_PRODUCTS_DIR}/${EXECUTABLE_PATH}\"\nmv \"${BUILT_PRODUCTS_DIR}/${EXECUTABLE_PATH}.temp\" \"${BUILT_PRODUCTS_DIR}/${EXECUTABLE_PATH}\"\n\n\n# Build framework structure\n\necho \"Build symlinks\"\n\necho ln -sf A \"${BUILT_PRODUCTS_DIR}/${WRAPPER_NAME}/Versions/Current\"\nln -sf A \"${BUILT_PRODUCTS_DIR}/${WRAPPER_NAME}/Versions/Current\"\necho ln -sf Versions/Current/Headers \"${BUILT_PRODUCTS_DIR}/${WRAPPER_NAME}/Headers\"\nln -sf Versions/Current/Headers \"${BUILT_PRODUCTS_DIR}/${WRAPPER_NAME}/Headers\"\necho ln -sf Versions/Current/Resources \"${BUILT_PRODUCTS_DIR}/${WRAPPER_NAME}/Resources\"\nln -sf Versions/Current/Resources \"${BUILT_PRODUCTS_DIR}/${WRAPPER_NAME}/Resources\"\necho ln -sf \"Versions/Current/${EXECUTABLE_NAME}\" \"${BUILT_PRODUCTS_DIR}/${WRAPPER_NAME}/${EXECUTABLE_NAME}\"\nln -sf \"Versions/Current/${EXECUTABLE_NAME}\" \"${BUILT_PRODUCTS_DIR}/${WRAPPER_NAME}/${EXECUTABLE_NAME}\"\n\n\n# Link to binary for unit tests\n\nmkdir -p \"${BUILT_PRODUCTS_DIR}/.fake_fw_testing.framework\"\nln -sf \"../${WRAPPER_NAME}/${EXECUTABLE_NAME}\" \"${BUILT_PRODUCTS_DIR}/.fake_fw_testing.framework/.fake_fw_testing\"\n\n\n# Build embedded framework structure\n\necho \"Build Embedded Framework\"\n\necho rm -rf \"${BUILT_PRODUCTS_DIR}/${PRODUCT_NAME}.embeddedframework\"\nrm -rf \"${BUILT_PRODUCTS_DIR}/${PRODUCT_NAME}.embeddedframework\"\necho mkdir -p \"${BUILT_PRODUCTS_DIR}/${PRODUCT_NAME}.embeddedframework/Resources\"\nmkdir -p \"${BUILT_PRODUCTS_DIR}/${PRODUCT_NAME}.embeddedframework/Resources\"\necho cp -a \"${BUILT_PRODUCTS_DIR}/${WRAPPER_NAME}\" \"${BUILT_PRODUCTS_DIR}/${PRODUCT_NAME}.embeddedframework/\"\ncp -a \"${BUILT_PRODUCTS_DIR}/${WRAPPER_NAME}\" \"${BUILT_PRODUCTS_DIR}/${PRODUCT_NAME}.embeddedframework/\"\n\ndeclare -a UFW_FILE_LIST\nlist_files \"${BUILT_PRODUCTS_DIR}/${UNLOCALIZED_RESOURCES_FOLDER_PATH}\" UFW_FILE_LIST\nfor filename in \"${UFW_FILE_LIST[@]}\"\ndo\n    if [[ \"${filename}\" != \"Info.plist\" ]] && [[ ! \"${filename}\" =~ .*\\.lproj$ ]]\n    then\n        echo ln -sf \"../${WRAPPER_NAME}/Resources/${filename}\" \"${BUILT_PRODUCTS_DIR}/${PRODUCT_NAME}.embeddedframework/Resources/${filename}\"\n        ln -sf \"../${WRAPPER_NAME}/Resources/${filename}\" \"${BUILT_PRODUCTS_DIR}/${PRODUCT_NAME}.embeddedframework/Resources/${filename}\"\n    fi\ndone\n\n\n# Replace other platform's framework with a copy of this one (so that both have the same universal binary)\n\necho \"Copy from $UFW_SDK_PLATFORM to $UFW_OTHER_PLATFORM\"\n\necho rm -rf \"${BUILD_DIR}/${CONFIGURATION}-${UFW_OTHER_PLATFORM}\"\nrm -rf \"${BUILD_DIR}/${CONFIGURATION}-${UFW_OTHER_PLATFORM}\"\necho cp -a \"${BUILD_DIR}/${CONFIGURATION}-${UFW_SDK_PLATFORM}\" \"${BUILD_DIR}/${CONFIGURATION}-${UFW_OTHER_PLATFORM}\"\ncp -a \"${BUILD_DIR}/${CONFIGURATION}-${UFW_SDK_PLATFORM}\" \"${BUILD_DIR}/${CONFIGURATION}-${UFW_OTHER_PLATFORM}\"\n";
		};
/* End PBXShellScriptBuildPhase section */

/* Begin PBXSourcesBuildPhase section */
		E255028814AB4FEC00B6A816 /* Sources */ = {
			isa = PBXSourcesBuildPhase;
			buildActionMask = 2147483647;
			files = (
				E25502EC14AB503A00B6A816 /* Facebook_Scm.m in Sources */,
				E25502F014AB503A00B6A816 /* FBDialog_Scm.m in Sources */,
				E25502F214AB503A00B6A816 /* FBLoginDialog_Scm.m in Sources */,
				E25502F414AB503A00B6A816 /* FBRequest_Scm.m in Sources */,
				E255030514AB505500B6A816 /* SecondCommercialsAd.m in Sources */,
				E255033314AB61CA00B6A816 /* ASIAuthenticationDialog.m in Sources */,
				E255033614AB61CA00B6A816 /* ASIDataCompressor.m in Sources */,
				E255033814AB61CA00B6A816 /* ASIDataDecompressor.m in Sources */,
				E255033A14AB61CA00B6A816 /* ASIDownloadCache.m in Sources */,
				E255033C14AB61CA00B6A816 /* ASIFormDataRequest.m in Sources */,
				E255034014AB61CA00B6A816 /* ASIHTTPRequest.m in Sources */,
				E255034414AB61CA00B6A816 /* ASIInputStream.m in Sources */,
				E255034614AB61CA00B6A816 /* ASINetworkQueue.m in Sources */,
				E255034A14AB61CA00B6A816 /* Reachability.m in Sources */,
				E252F26314C5B1BF00D9D48F /* NSObject+SBJSON_Scm.m in Sources */,
				E252F26514C5B1C000D9D48F /* NSString+SBJSON_Scm.m in Sources */,
				E252F26714C5B1C000D9D48F /* SBJSON_Scm.m in Sources */,
				E252F26914C5B1C000D9D48F /* SBJsonBase_Scm.m in Sources */,
				E252F26B14C5B1C000D9D48F /* SBJsonParser_Scm.m in Sources */,
				E252F26D14C5B1C000D9D48F /* SBJsonWriter_Scm.m in Sources */,
				E2E594F914EFF8EF008ADF76 /* MGTwitterEngine.m in Sources */,
				E2E594FD14EFF8EF008ADF76 /* MGTwitterHTTPURLConnection.m in Sources */,
				E2E594FF14EFF8EF008ADF76 /* MGTwitterLibXMLParser.m in Sources */,
				E2E5950114EFF8EF008ADF76 /* MGTwitterMessagesLibXMLParser.m in Sources */,
				E2E5950314EFF8EF008ADF76 /* MGTwitterMessagesParser.m in Sources */,
				E2E5950514EFF8EF008ADF76 /* MGTwitterMiscLibXMLParser.m in Sources */,
				E2E5950714EFF8EF008ADF76 /* MGTwitterMiscParser.m in Sources */,
				E2E5950B14EFF8EF008ADF76 /* MGTwitterStatusesLibXMLParser.m in Sources */,
				E2E5950D14EFF8EF008ADF76 /* MGTwitterStatusesParser.m in Sources */,
				E2E5950F14EFF8EF008ADF76 /* MGTwitterUsersLibXMLParser.m in Sources */,
				E2E5951114EFF8EF008ADF76 /* MGTwitterUsersParser.m in Sources */,
				E2E5951314EFF8EF008ADF76 /* MGTwitterXMLParser.m in Sources */,
				E2E5951514EFF8EF008ADF76 /* NSData+Base64.m in Sources */,
				E2E5951714EFF8EF008ADF76 /* NSString+UUID.m in Sources */,
				E2E5951A14EFF8F0008ADF76 /* SA_OAuthTwitterController.m in Sources */,
				E2E5951C14EFF8F0008ADF76 /* SA_OAuthTwitterEngine.m in Sources */,
			);
			runOnlyForDeploymentPostprocessing = 0;
		};
/* End PBXSourcesBuildPhase section */

/* Begin PBXVariantGroup section */
		E255029314AB4FEC00B6A816 /* InfoPlist.strings */ = {
			isa = PBXVariantGroup;
			children = (
				E255029414AB4FEC00B6A816 /* en */,
			);
			name = InfoPlist.strings;
			sourceTree = "<group>";
		};
/* End PBXVariantGroup section */

/* Begin XCBuildConfiguration section */
		E255029714AB4FEC00B6A816 /* Debug */ = {
			isa = XCBuildConfiguration;
			buildSettings = {
				ALWAYS_SEARCH_USER_PATHS = NO;
				ARCHS = "$(ARCHS_STANDARD_32_BIT)";
				COPY_PHASE_STRIP = NO;
				GCC_C_LANGUAGE_STANDARD = gnu99;
				GCC_DYNAMIC_NO_PIC = NO;
				GCC_OPTIMIZATION_LEVEL = 0;
				GCC_PREPROCESSOR_DEFINITIONS = (
					"DEBUG=1",
					"$(inherited)",
				);
				GCC_SYMBOLS_PRIVATE_EXTERN = NO;
				GCC_VERSION = 4.2;
				GCC_WARN_ABOUT_MISSING_PROTOTYPES = YES;
				GCC_WARN_ABOUT_RETURN_TYPE = YES;
				GCC_WARN_UNUSED_VARIABLE = YES;
				IPHONEOS_DEPLOYMENT_TARGET = 4.3;
				SDKROOT = iphoneos;
			};
			name = Debug;
		};
		E255029814AB4FEC00B6A816 /* Release */ = {
			isa = XCBuildConfiguration;
			buildSettings = {
				ALWAYS_SEARCH_USER_PATHS = NO;
				ARCHS = "$(ARCHS_STANDARD_32_BIT)";
				COPY_PHASE_STRIP = YES;
				GCC_C_LANGUAGE_STANDARD = gnu99;
				GCC_VERSION = 4.2;
				GCC_WARN_ABOUT_MISSING_PROTOTYPES = YES;
				GCC_WARN_ABOUT_RETURN_TYPE = YES;
				GCC_WARN_UNUSED_VARIABLE = YES;
				IPHONEOS_DEPLOYMENT_TARGET = 4.3;
				SDKROOT = iphoneos;
				VALIDATE_PRODUCT = YES;
			};
			name = Release;
		};
		E255029A14AB4FEC00B6A816 /* Debug */ = {
			isa = XCBuildConfiguration;
			buildSettings = {
				CONTENTS_FOLDER_PATH = "$(WRAPPER_NAME)/Versions/$(FRAMEWORK_VERSION)";
				DEAD_CODE_STRIPPING = NO;
				DEPLOYMENT_POSTPROCESSING = YES;
				DYLIB_COMPATIBILITY_VERSION = 1;
				DYLIB_CURRENT_VERSION = 1;
				FRAMEWORK_VERSION = A;
				GCC_PRECOMPILE_PREFIX_HEADER = YES;
				GCC_PREFIX_HEADER = "SecondCommercialsAd/SecondCommercialsAd-Prefix.pch";
				GCC_VERSION = com.apple.compilers.llvm.clang.1_0;
				HEADER_SEARCH_PATHS = /usr/include/libxml2;
				INFOPLIST_FILE = "SecondCommercialsAd/SecondCommercialsAd-Info.plist";
				INFOPLIST_PATH = "$(UNLOCALIZED_RESOURCES_FOLDER_PATH)/Info.plist";
				INSTALL_PATH = "$(BUILT_PRODUCTS_DIR)";
				LIBRARY_SEARCH_PATHS = (
					"$(inherited)",
					"\"$(SRCROOT)/Twitter+OAuth/SAOAuthTwitterEngine\"",
				);
				LINK_WITH_STANDARD_LIBRARIES = NO;
				MACH_O_TYPE = mh_object;
				PRODUCT_NAME = "$(TARGET_NAME)";
				SKIP_INSTALL = YES;
				UNLOCALIZED_RESOURCES_FOLDER_PATH = "$(CONTENTS_FOLDER_PATH)/Resources";
				WRAPPER_EXTENSION = framework;
			};
			name = Debug;
		};
		E255029B14AB4FEC00B6A816 /* Release */ = {
			isa = XCBuildConfiguration;
			buildSettings = {
				CONTENTS_FOLDER_PATH = "$(WRAPPER_NAME)/Versions/$(FRAMEWORK_VERSION)";
				DEAD_CODE_STRIPPING = NO;
				DEPLOYMENT_POSTPROCESSING = YES;
				DYLIB_COMPATIBILITY_VERSION = 1;
				DYLIB_CURRENT_VERSION = 1;
				FRAMEWORK_VERSION = A;
				GCC_PRECOMPILE_PREFIX_HEADER = YES;
				GCC_PREFIX_HEADER = "SecondCommercialsAd/SecondCommercialsAd-Prefix.pch";
				GCC_VERSION = com.apple.compilers.llvm.clang.1_0;
				HEADER_SEARCH_PATHS = /usr/include/libxml2;
				INFOPLIST_FILE = "SecondCommercialsAd/SecondCommercialsAd-Info.plist";
				INFOPLIST_PATH = "$(UNLOCALIZED_RESOURCES_FOLDER_PATH)/Info.plist";
				INSTALL_PATH = "$(BUILT_PRODUCTS_DIR)";
				LIBRARY_SEARCH_PATHS = (
					"$(inherited)",
					"\"$(SRCROOT)/Twitter+OAuth/SAOAuthTwitterEngine\"",
				);
				LINK_WITH_STANDARD_LIBRARIES = NO;
				MACH_O_TYPE = mh_object;
				PRODUCT_NAME = "$(TARGET_NAME)";
				SKIP_INSTALL = YES;
				UNLOCALIZED_RESOURCES_FOLDER_PATH = "$(CONTENTS_FOLDER_PATH)/Resources";
				WRAPPER_EXTENSION = framework;
			};
			name = Release;
		};
/* End XCBuildConfiguration section */

/* Begin XCConfigurationList section */
		E255028514AB4FEC00B6A816 /* Build configuration list for PBXProject "SecondCommercialsAd" */ = {
			isa = XCConfigurationList;
			buildConfigurations = (
				E255029714AB4FEC00B6A816 /* Debug */,
				E255029814AB4FEC00B6A816 /* Release */,
			);
			defaultConfigurationIsVisible = 0;
			defaultConfigurationName = Release;
		};
		E255029914AB4FEC00B6A816 /* Build configuration list for PBXNativeTarget "SecondCommercialsAd" */ = {
			isa = XCConfigurationList;
			buildConfigurations = (
				E255029A14AB4FEC00B6A816 /* Debug */,
				E255029B14AB4FEC00B6A816 /* Release */,
			);
			defaultConfigurationIsVisible = 0;
			defaultConfigurationName = Release;
		};
/* End XCConfigurationList section */
	};
	rootObject = E255028214AB4FEC00B6A816 /* Project object */;
}
